
Microsoft Visual Studio Solution File, Format Version 12.00
# Visual Studio Version 17
VisualStudioVersion = 17.14.36603.0
MinimumVisualStudioVersion = 10.0.40219.1
Project("{2150E333-8FDC-42A3-9474-1A3956D46DE8}") = "src", "src", "{827E0CD3-B72D-47B6-A68D-7590B98EB39B}"
EndProject
Project("{2150E333-8FDC-42A3-9474-1A3956D46DE8}") = "Modules", "Modules", "{EC447DCF-ABFA-6E24-52A5-D7FD48A5C558}"
EndProject
Project("{2150E333-8FDC-42A3-9474-1A3956D46DE8}") = "Core", "Core", "{D6D160DD-AE2A-0C32-F31B-9BD72717AAF2}"
EndProject
Project("{FAE04EC0-301F-11D3-BF4B-00C04F79EFBC}") = "Core.Domain", "src\Modules\Core\Core.Domain\Core.Domain.csproj", "{A45B9B3B-7744-41DB-A69B-2C7B9785674C}"
EndProject
Project("{FAE04EC0-301F-11D3-BF4B-00C04F79EFBC}") = "Core.Application", "src\Modules\Core\Core.Application\Core.Application.csproj", "{39920659-30D0-4035-8FD5-19D89F966E14}"
EndProject
Project("{FAE04EC0-301F-11D3-BF4B-00C04F79EFBC}") = "Core.Infrastructure", "src\Modules\Core\Core.Infrastructure\Core.Infrastructure.csproj", "{43D366DB-66C3-4051-B51C-E712ADF18213}"
EndProject
Project("{FAE04EC0-301F-11D3-BF4B-00C04F79EFBC}") = "Core.Api", "src\Modules\Core\Core.Api\Core.Api.csproj", "{DFBFC4C1-687F-4AB0-84D3-A4D49CBE2915}"
EndProject
Project("{2150E333-8FDC-42A3-9474-1A3956D46DE8}") = "Accounting", "Accounting", "{02EA681E-C7D8-13C7-8484-4AC65E1B71E8}"
EndProject
Project("{2150E333-8FDC-42A3-9474-1A3956D46DE8}") = "Hr", "Hr", "{D13FB6AF-322A-4D07-A19C-8A7470D8B4DB}"
EndProject
Project("{2150E333-8FDC-42A3-9474-1A3956D46DE8}") = "Inventory", "Inventory", "{04D282B5-641A-4BB0-8F7C-3087C5D6A435}"
EndProject
Project("{2150E333-8FDC-42A3-9474-1A3956D46DE8}") = "Sales", "Sales", "{47E90D74-21F7-4CD2-BE8A-404695B17FB3}"
EndProject
Project("{2150E333-8FDC-42A3-9474-1A3956D46DE8}") = "Procurement", "Procurement", "{BD767CDB-FC61-44B4-B407-8622849D486C}"
EndProject
Project("{2150E333-8FDC-42A3-9474-1A3956D46DE8}") = "Crm", "Crm", "{6B6F5F9B-6BC6-475E-A584-DD4D2876F777}"
EndProject
Project("{2150E333-8FDC-42A3-9474-1A3956D46DE8}") = "Manufacturing", "Manufacturing", "{BB5CC32B-64E1-4990-862F-F8507111ADDA}"
EndProject
Project("{FAE04EC0-301F-11D3-BF4B-00C04F79EFBC}") = "Nexcore.Domain", "Nexcore.Domain\Nexcore.Domain.csproj", "{3B18F412-26FA-4720-8E42-822F7E44957D}"
EndProject
Project("{FAE04EC0-301F-11D3-BF4B-00C04F79EFBC}") = "Nexcore.SharedKernel", "Nexcore.SharedKernel\Nexcore.SharedKernel.csproj", "{632D64F2-D847-4FBD-B027-D8AF03A7C1B1}"
EndProject
Project("{2150E333-8FDC-42A3-9474-1A3956D46DE8}") = "Auth", "Auth", "{E9D55F35-C373-3DD8-6914-3213F2F582A2}"
EndProject
Project("{FAE04EC0-301F-11D3-BF4B-00C04F79EFBC}") = "Auth.Domain", "src\Modules\Auth\Auth.Domain\Auth.Domain.csproj", "{C2B00303-5260-4DBB-8BCA-F77E66F7D47D}"
EndProject
Project("{FAE04EC0-301F-11D3-BF4B-00C04F79EFBC}") = "Auth.Application", "src\Modules\Auth\Auth.Application\Auth.Application.csproj", "{6B279139-0653-45FB-9C6F-B0DFE570B519}"
EndProject
Project("{FAE04EC0-301F-11D3-BF4B-00C04F79EFBC}") = "Auth.Infrastructure", "src\Modules\Auth\Auth.Infrastructure\Auth.Infrastructure.csproj", "{E0238779-9AB9-2E63-B7FC-02523FB2FA43}"
EndProject
Project("{FAE04EC0-301F-11D3-BF4B-00C04F79EFBC}") = "Auth.Api", "src\Modules\Auth\Auth.Api\Auth.Api.csproj", "{92B1EE60-A81C-1B2E-9B8E-910C99D8AB59}"
EndProject
Project("{FAE04EC0-301F-11D3-BF4B-00C04F79EFBC}") = "Auth.Tests.Unit", "src\Modules\Auth\Auth.Tests.Unit\Auth.Tests.Unit.csproj", "{96FE233E-D0D0-AA4B-9FE6-ED07B7433F6A}"
EndProject
Project("{FAE04EC0-301F-11D3-BF4B-00C04F79EFBC}") = "Auth.Tests.Integration", "src\Modules\Auth\Auth.Tests.Integration\Auth.Tests.Integration.csproj", "{FE744F49-2BE0-5AEF-F944-B8FE973BF400}"
EndProject
Project("{FAE04EC0-301F-11D3-BF4B-00C04F79EFBC}") = "Core.Tests.Unit", "src\Modules\Core\Core.Tests.Unit\Core.Tests.Unit.csproj", "{67019F6D-F1C9-2B51-A98F-78C86A266CB9}"
EndProject
Project("{FAE04EC0-301F-11D3-BF4B-00C04F79EFBC}") = "Core.Tests.Integration", "src\Modules\Core\Core.Tests.Integration\Core.Tests.Integration.csproj", "{FA9E55FE-D77E-036A-127F-2F020B3A9BB5}"
EndProject
Project("{FAE04EC0-301F-11D3-BF4B-00C04F79EFBC}") = "Accounting.Api", "src\Modules\Accounting\Accounting.Api\Accounting.Api.csproj", "{916566CC-816F-48FB-8D95-9D4D5AB7585C}"
EndProject
Project("{FAE04EC0-301F-11D3-BF4B-00C04F79EFBC}") = "Accounting.Application", "src\Modules\Accounting\Accounting.Application\Accounting.Application.csproj", "{D2D7799D-2498-FAC3-D34C-BC4D6DE88C51}"
EndProject
Project("{FAE04EC0-301F-11D3-BF4B-00C04F79EFBC}") = "Accounting.Contracts", "src\Modules\Accounting\Accounting.Contracts\Accounting.Contracts.csproj", "{4079C85A-D09D-D186-EAC7-1A05DE7B0FF7}"
EndProject
Project("{FAE04EC0-301F-11D3-BF4B-00C04F79EFBC}") = "Accounting.Domain", "src\Modules\Accounting\Accounting.Domain\Accounting.Domain.csproj", "{FE2F332D-FE65-A793-B736-DE0E88A2B0B5}"
EndProject
Project("{FAE04EC0-301F-11D3-BF4B-00C04F79EFBC}") = "Accounting.Infrastructure", "src\Modules\Accounting\Accounting.Infrastructure\Accounting.Infrastructure.csproj", "{262D32E0-1BCE-8F6E-DF7C-85235B683513}"
EndProject
Project("{FAE04EC0-301F-11D3-BF4B-00C04F79EFBC}") = "Accounting.Tests.Unit", "src\Modules\Accounting\Accounting.Tests.Unit\Accounting.Tests.Unit.csproj", "{A7B70BAE-32CD-1803-8A53-473378397CDA}"
EndProject
Project("{FAE04EC0-301F-11D3-BF4B-00C04F79EFBC}") = "Accounting.Tests.Integration", "src\Modules\Accounting\Accounting.Tests.Integration\Accounting.Tests.Integration.csproj", "{91326033-D3CE-FB86-24F5-C4E7DF7F23CA}"
EndProject
Project("{FAE04EC0-301F-11D3-BF4B-00C04F79EFBC}") = "Inventory.Application", "src\Modules\Inventory\Inventory.Application\Inventory.Application.csproj", "{E044E877-05BF-FAB6-5571-2A36D27B2234}"
EndProject
Project("{FAE04EC0-301F-11D3-BF4B-00C04F79EFBC}") = "Inventory.Contracts", "src\Modules\Inventory\Inventory.Contracts\Inventory.Contracts.csproj", "{4C3BFB8A-3DB1-9D6A-F839-3FE78474E788}"
EndProject
Project("{FAE04EC0-301F-11D3-BF4B-00C04F79EFBC}") = "Inventory.Infrastructure", "src\Modules\Inventory\Inventory.Infrastructure\Inventory.Infrastructure.csproj", "{BEB0192E-ECCA-DD1D-D3BC-93B4A522BA04}"
EndProject
Project("{FAE04EC0-301F-11D3-BF4B-00C04F79EFBC}") = "Inventory.Domain", "src\Modules\Inventory\Inventory.Domain\Inventory.Domain.csproj", "{9B2DCD2F-A1D1-3CDE-6DD2-1915D7E8C8D6}"
EndProject
Project("{FAE04EC0-301F-11D3-BF4B-00C04F79EFBC}") = "Inventory.Api", "src\Modules\Inventory\Inventory.Api\Inventory.Api.csproj", "{0BFE397D-2E80-5AC9-C407-FE98C4CF5CBC}"
EndProject
Project("{FAE04EC0-301F-11D3-BF4B-00C04F79EFBC}") = "Inventory.Tests.Integration", "src\Modules\Inventory\Inventory.Tests.Integration\Inventory.Tests.Integration.csproj", "{86CFD9F7-40B0-C8FA-BD8E-AD496E262FBB}"
EndProject
Project("{FAE04EC0-301F-11D3-BF4B-00C04F79EFBC}") = "Inventory.Tests.Unit", "src\Modules\Inventory\Inventory.Tests.Unit\Inventory.Tests.Unit.csproj", "{7C59E66D-81DB-BD70-9C50-2CB3160BA837}"
EndProject
Project("{FAE04EC0-301F-11D3-BF4B-00C04F79EFBC}") = "Manufacturing.Api", "src\Modules\Manufacturing\Manufacturing.Api\Manufacturing.Api.csproj", "{A3830D77-E7D3-4403-8D02-82786EFD777E}"
EndProject
Project("{FAE04EC0-301F-11D3-BF4B-00C04F79EFBC}") = "Manufacturing.Application", "src\Modules\Manufacturing\Manufacturing.Application\Manufacturing.Application.csproj", "{E7AE36D4-9A3F-40B1-A5FF-FAC51BF1ECEF}"
EndProject
Project("{FAE04EC0-301F-11D3-BF4B-00C04F79EFBC}") = "Manufacturing.Contracts", "src\Modules\Manufacturing\Manufacturing.Contracts\Manufacturing.Contracts.csproj", "{BEA941E1-CCF3-415F-857A-4451564C6A0F}"
EndProject
Project("{FAE04EC0-301F-11D3-BF4B-00C04F79EFBC}") = "Manufacturing.Domain", "src\Modules\Manufacturing\Manufacturing.Domain\Manufacturing.Domain.csproj", "{C5681B2A-35C0-43F9-8E44-6E3511192DEF}"
EndProject
Project("{FAE04EC0-301F-11D3-BF4B-00C04F79EFBC}") = "Manufacturing.Infrastructure", "src\Modules\Manufacturing\Manufacturing.Infrastructure\Manufacturing.Infrastructure.csproj", "{E055111C-2C6A-48D3-85F7-505555879513}"
EndProject
Project("{FAE04EC0-301F-11D3-BF4B-00C04F79EFBC}") = "Hr.Domain", "src\Modules\Hr\Hr.Domain\Entities\Hr.Domain.csproj", "{06F36F98-19B0-9B84-8B47-1958DBF78F2A}"
EndProject
Project("{FAE04EC0-301F-11D3-BF4B-00C04F79EFBC}") = "Hr.Api", "src\Modules\Hr\Hr.Api\Hr.Api.csproj", "{78404B4D-48EF-D452-3B34-DC5F1B105245}"
EndProject
Project("{FAE04EC0-301F-11D3-BF4B-00C04F79EFBC}") = "Hr.Infrastructure", "src\Modules\Hr\Hr.Infrastructure\Hr.Infrastructure.csproj", "{A861F717-33CF-3848-C36D-600740F27FF9}"
EndProject
Project("{FAE04EC0-301F-11D3-BF4B-00C04F79EFBC}") = "Hr.Application", "src\Modules\Hr\Hr.Application\Hr.Application.csproj", "{0B0A1BAE-1784-1076-3A60-EEA938365EA8}"
EndProject
Project("{FAE04EC0-301F-11D3-BF4B-00C04F79EFBC}") = "Crm.Api", "src\Modules\Crm\Crm.Api\Crm.Api.csproj", "{D425827A-906F-4F73-95DD-269F342D62AD}"
EndProject
Project("{FAE04EC0-301F-11D3-BF4B-00C04F79EFBC}") = "Crm.Application", "src\Modules\Crm\Crm.Application\Crm.Application.csproj", "{597B0E37-D4F0-4DA0-B4EA-0F0B3A7AC5F0}"
EndProject
Project("{FAE04EC0-301F-11D3-BF4B-00C04F79EFBC}") = "Crm.Contracts", "src\Modules\Crm\Crm.Contracts\Crm.Contracts.csproj", "{288F0778-DC46-43D8-830D-F524C27E9E5F}"
EndProject
Project("{FAE04EC0-301F-11D3-BF4B-00C04F79EFBC}") = "Crm.Domain", "src\Modules\Crm\Crm.Domain\Crm.Domain.csproj", "{2D0810B7-52DB-4DC5-845F-85CC59A940B3}"
EndProject
Project("{FAE04EC0-301F-11D3-BF4B-00C04F79EFBC}") = "Crm.Infrastructure", "src\Modules\Crm\Crm.Infrastructure\Crm.Infrastructure.csproj", "{90B0FA93-2F05-48F5-AEB0-56E7D28472DE}"
EndProject
Project("{FAE04EC0-301F-11D3-BF4B-00C04F79EFBC}") = "Crm.Tests.Integration", "src\Modules\Crm\Crm.Tests.Integration\Crm.Tests.Integration.csproj", "{187ACB4A-C47E-475E-8113-EB9E13483211}"
EndProject
Project("{FAE04EC0-301F-11D3-BF4B-00C04F79EFBC}") = "Crm.Tests.Unit", "src\Modules\Crm\Crm.Tests.Unit\Crm.Tests.Unit.csproj", "{C8CDC32E-7F12-4B60-97FD-88A0C3EF8FC5}"
EndProject
Project("{FAE04EC0-301F-11D3-BF4B-00C04F79EFBC}") = "Sales.Domain", "src\Modules\Sales\Sales.Domain\Sales.Domain.csproj", "{2580601C-084B-5F6C-86E8-03057B60BAFA}"
EndProject
Project("{FAE04EC0-301F-11D3-BF4B-00C04F79EFBC}") = "Sales.Api", "src\Modules\Sales\Sales.Api\Sales.Api.csproj", "{24F13AF0-4CFE-953B-C957-1F958B6CB129}"
EndProject
Project("{FAE04EC0-301F-11D3-BF4B-00C04F79EFBC}") = "Sales.Application", "src\Modules\Sales\Sales.Application\Sales.Application.csproj", "{AEB59FB8-5AAE-F6F2-E04B-0C8BAB3C3EB9}"
EndProject
Project("{FAE04EC0-301F-11D3-BF4B-00C04F79EFBC}") = "Sales.Infrastructure", "src\Modules\Sales\Sales.Infrastructure\Sales.Infrastructure.csproj", "{8BD04B03-4BA2-AC96-F3E4-9824932D8A78}"
EndProject
Project("{2150E333-8FDC-42A3-9474-1A3956D46DE8}") = "tests", "tests", "{2012F1F7-3226-45B1-BFDB-36C0B8D0BCDF}"
EndProject
Project("{FAE04EC0-301F-11D3-BF4B-00C04F79EFBC}") = "Nexcore.Tests.Infrastructure", "tests\Nexcore.Tests.Infrastructure\Nexcore.Tests.Infrastructure.csproj", "{FF775772-6629-20D2-9CAD-70A393729C94}"
EndProject
Project("{FAE04EC0-301F-11D3-BF4B-00C04F79EFBC}") = "Sales.Tests.Integration", "src\Modules\Sales\Sales.Tests.Integration\Sales.Tests.Integration.csproj", "{4B5768B0-F6DE-EEAE-086C-815FBD704E76}"
EndProject
Project("{FAE04EC0-301F-11D3-BF4B-00C04F79EFBC}") = "Procurement.Application", "src\Modules\Procurement\Procurement.Application\Procurement.Application.csproj", "{59622D02-747D-435C-B9C9-09EC10767157}"
EndProject
Project("{FAE04EC0-301F-11D3-BF4B-00C04F79EFBC}") = "Procurement.Domain", "src\Modules\Procurement\Procurement.Domain\Procurement.Domain.csproj", "{C608414D-D85F-4293-9FB6-FCE4C2642A9F}"
EndProject
Project("{FAE04EC0-301F-11D3-BF4B-00C04F79EFBC}") = "Procurement.Infrastructure", "src\Modules\Procurement\Procurement.Infrastructure\Procurement.Infrastructure.csproj", "{331F3A56-7D6C-4AE5-99E5-603BA41BCD14}"
EndProject
Project("{FAE04EC0-301F-11D3-BF4B-00C04F79EFBC}") = "Procurement.Api", "src\Modules\Procurement\Procurement.Api\Procurement.Api.csproj", "{66BC0E25-A3AE-4E25-A067-600AC1818CE9}"
EndProject
Project("{FAE04EC0-301F-11D3-BF4B-00C04F79EFBC}") = "Nexcore.Api", "src\Nexcore.Api\Nexcore.Api.csproj", "{5A931FCB-F513-1893-AB4A-7A1E2FE5801B}"
EndProject
Project("{2150E333-8FDC-42A3-9474-1A3956D46DE8}") = "Restaurant", "Restaurant", "{89111AF3-0F46-53F0-C72F-97E39D957F1A}"
EndProject
Project("{FAE04EC0-301F-11D3-BF4B-00C04F79EFBC}") = "Restaurant.Domain", "src\Modules\Restaurant\Restaurant.Domain\Restaurant.Domain.csproj", "{4B3903D6-AFDA-4C50-8216-DF7343C88C3E}"
EndProject
Project("{FAE04EC0-301F-11D3-BF4B-00C04F79EFBC}") = "Restaurant.Application", "src\Modules\Restaurant\Restaurant.Application\Restaurant.Application.csproj", "{30B1C803-8A2F-4F1C-8A21-51915F53CA19}"
EndProject
Project("{FAE04EC0-301F-11D3-BF4B-00C04F79EFBC}") = "Restaurant.Infrastructure", "src\Modules\Restaurant\Restaurant.Infrastructure\Restaurant.Infrastructure.csproj", "{89C8CAAC-35B8-491E-9C07-266DF5DBD3A3}"
EndProject
Project("{FAE04EC0-301F-11D3-BF4B-00C04F79EFBC}") = "Restaurant.Api", "src\Modules\Restaurant\Restaurant.Api\Restaurant.Api.csproj", "{F39CE562-ED7B-4974-B8B8-C7B40AD62E93}"
EndProject
Project("{2150E333-8FDC-42A3-9474-1A3956D46DE8}") = "Distribution", "Distribution", "{1C087695-14B5-C927-8D92-12D1EE36BDAB}"
EndProject
Project("{FAE04EC0-301F-11D3-BF4B-00C04F79EFBC}") = "Distribution.Domain", "src\Modules\Distribution\Distribution.Domain\Distribution.Domain.csproj", "{1A81342A-5F5B-43D9-97B5-B07DABC61958}"
EndProject
Project("{FAE04EC0-301F-11D3-BF4B-00C04F79EFBC}") = "Distribution.Application", "src\Modules\Distribution\Distribution.Application\Distribution.Application.csproj", "{1CCD917C-4124-4789-9894-25E901809A4D}"
EndProject
Project("{FAE04EC0-301F-11D3-BF4B-00C04F79EFBC}") = "Distribution.Infrastructure", "src\Modules\Distribution\Distribution.Infrastructure\Distribution.Infrastructure.csproj", "{23CA3F2C-A507-4A58-BA53-D5BF0665AC9F}"
EndProject
Project("{FAE04EC0-301F-11D3-BF4B-00C04F79EFBC}") = "Distribution.Api", "src\Modules\Distribution\Distribution.Api\Distribution.Api.csproj", "{53C305DE-29F5-4E17-BE2B-2252B5C0DE85}"
EndProject
Project("{2150E333-8FDC-42A3-9474-1A3956D46DE8}") = "Fitness", "Fitness", "{E053B96E-7BD3-5D0B-7FDF-0D22A41B1F3D}"
EndProject
Project("{FAE04EC0-301F-11D3-BF4B-00C04F79EFBC}") = "Fitness.Domain", "src\Modules\Fitness\Fitness.Domain\Fitness.Domain.csproj", "{63C5DE3E-2517-4376-B124-4EE93088C5DC}"
EndProject
Project("{FAE04EC0-301F-11D3-BF4B-00C04F79EFBC}") = "Fitness.Application", "src\Modules\Fitness\Fitness.Application\Fitness.Application.csproj", "{F1881E1C-2535-4BA4-AD75-25A14EC9C89D}"
EndProject
Project("{FAE04EC0-301F-11D3-BF4B-00C04F79EFBC}") = "Fitness.Infrastructure", "src\Modules\Fitness\Fitness.Infrastructure\Fitness.Infrastructure.csproj", "{9F2ED281-A41B-4D13-986F-F683CB0A016C}"
EndProject
Project("{FAE04EC0-301F-11D3-BF4B-00C04F79EFBC}") = "Fitness.Api", "src\Modules\Fitness\Fitness.Api\Fitness.Api.csproj", "{36FA6857-AF37-4E25-8632-2BECDF62B173}"
EndProject
Project("{2150E333-8FDC-42A3-9474-1A3956D46DE8}") = "RealEstate", "RealEstate", "{8CF32D3C-1716-5217-2822-91536CD68D9E}"
EndProject
Project("{FAE04EC0-301F-11D3-BF4B-00C04F79EFBC}") = "RealEstate.Domain", "src\Modules\RealEstate\RealEstate.Domain\RealEstate.Domain.csproj", "{5D40F88B-A607-47C2-A4FB-3E5588763511}"
EndProject
Project("{FAE04EC0-301F-11D3-BF4B-00C04F79EFBC}") = "RealEstate.Application", "src\Modules\RealEstate\RealEstate.Application\RealEstate.Application.csproj", "{D2F84906-C736-4E93-96CE-6D4DFF2AF8A3}"
EndProject
Project("{FAE04EC0-301F-11D3-BF4B-00C04F79EFBC}") = "RealEstate.Infrastructure", "src\Modules\RealEstate\RealEstate.Infrastructure\RealEstate.Infrastructure.csproj", "{DACBD9E1-60BD-4996-BCE2-BCA8979AFABB}"
EndProject
Project("{FAE04EC0-301F-11D3-BF4B-00C04F79EFBC}") = "RealEstate.Api", "src\Modules\RealEstate\RealEstate.Api\RealEstate.Api.csproj", "{9A395FF7-7812-491A-A10B-8AC43BB664B2}"
EndProject
Global
	GlobalSection(SolutionConfigurationPlatforms) = preSolution
		Debug|Any CPU = Debug|Any CPU
		Debug|x64 = Debug|x64
		Debug|x86 = Debug|x86
		Release|Any CPU = Release|Any CPU
		Release|x64 = Release|x64
		Release|x86 = Release|x86
	EndGlobalSection
	GlobalSection(ProjectConfigurationPlatforms) = postSolution
		{A45B9B3B-7744-41DB-A69B-2C7B9785674C}.Debug|Any CPU.ActiveCfg = Debug|Any CPU
		{A45B9B3B-7744-41DB-A69B-2C7B9785674C}.Debug|Any CPU.Build.0 = Debug|Any CPU
		{A45B9B3B-7744-41DB-A69B-2C7B9785674C}.Debug|x64.ActiveCfg = Debug|Any CPU
		{A45B9B3B-7744-41DB-A69B-2C7B9785674C}.Debug|x64.Build.0 = Debug|Any CPU
		{A45B9B3B-7744-41DB-A69B-2C7B9785674C}.Debug|x86.ActiveCfg = Debug|Any CPU
		{A45B9B3B-7744-41DB-A69B-2C7B9785674C}.Debug|x86.Build.0 = Debug|Any CPU
		{A45B9B3B-7744-41DB-A69B-2C7B9785674C}.Release|Any CPU.ActiveCfg = Release|Any CPU
		{A45B9B3B-7744-41DB-A69B-2C7B9785674C}.Release|Any CPU.Build.0 = Release|Any CPU
		{A45B9B3B-7744-41DB-A69B-2C7B9785674C}.Release|x64.ActiveCfg = Release|Any CPU
		{A45B9B3B-7744-41DB-A69B-2C7B9785674C}.Release|x64.Build.0 = Release|Any CPU
		{A45B9B3B-7744-41DB-A69B-2C7B9785674C}.Release|x86.ActiveCfg = Release|Any CPU
		{A45B9B3B-7744-41DB-A69B-2C7B9785674C}.Release|x86.Build.0 = Release|Any CPU
		{39920659-30D0-4035-8FD5-19D89F966E14}.Debug|Any CPU.ActiveCfg = Debug|Any CPU
		{39920659-30D0-4035-8FD5-19D89F966E14}.Debug|Any CPU.Build.0 = Debug|Any CPU
		{39920659-30D0-4035-8FD5-19D89F966E14}.Debug|x64.ActiveCfg = Debug|Any CPU
		{39920659-30D0-4035-8FD5-19D89F966E14}.Debug|x64.Build.0 = Debug|Any CPU
		{39920659-30D0-4035-8FD5-19D89F966E14}.Debug|x86.ActiveCfg = Debug|Any CPU
		{39920659-30D0-4035-8FD5-19D89F966E14}.Debug|x86.Build.0 = Debug|Any CPU
		{39920659-30D0-4035-8FD5-19D89F966E14}.Release|Any CPU.ActiveCfg = Release|Any CPU
		{39920659-30D0-4035-8FD5-19D89F966E14}.Release|Any CPU.Build.0 = Release|Any CPU
		{39920659-30D0-4035-8FD5-19D89F966E14}.Release|x64.ActiveCfg = Release|Any CPU
		{39920659-30D0-4035-8FD5-19D89F966E14}.Release|x64.Build.0 = Release|Any CPU
		{39920659-30D0-4035-8FD5-19D89F966E14}.Release|x86.ActiveCfg = Release|Any CPU
		{39920659-30D0-4035-8FD5-19D89F966E14}.Release|x86.Build.0 = Release|Any CPU
		{43D366DB-66C3-4051-B51C-E712ADF18213}.Debug|Any CPU.ActiveCfg = Debug|Any CPU
		{43D366DB-66C3-4051-B51C-E712ADF18213}.Debug|Any CPU.Build.0 = Debug|Any CPU
		{43D366DB-66C3-4051-B51C-E712ADF18213}.Debug|x64.ActiveCfg = Debug|Any CPU
		{43D366DB-66C3-4051-B51C-E712ADF18213}.Debug|x64.Build.0 = Debug|Any CPU
		{43D366DB-66C3-4051-B51C-E712ADF18213}.Debug|x86.ActiveCfg = Debug|Any CPU
		{43D366DB-66C3-4051-B51C-E712ADF18213}.Debug|x86.Build.0 = Debug|Any CPU
		{43D366DB-66C3-4051-B51C-E712ADF18213}.Release|Any CPU.ActiveCfg = Release|Any CPU
		{43D366DB-66C3-4051-B51C-E712ADF18213}.Release|Any CPU.Build.0 = Release|Any CPU
		{43D366DB-66C3-4051-B51C-E712ADF18213}.Release|x64.ActiveCfg = Release|Any CPU
		{43D366DB-66C3-4051-B51C-E712ADF18213}.Release|x64.Build.0 = Release|Any CPU
		{43D366DB-66C3-4051-B51C-E712ADF18213}.Release|x86.ActiveCfg = Release|Any CPU
		{43D366DB-66C3-4051-B51C-E712ADF18213}.Release|x86.Build.0 = Release|Any CPU
		{DFBFC4C1-687F-4AB0-84D3-A4D49CBE2915}.Debug|Any CPU.ActiveCfg = Debug|Any CPU
		{DFBFC4C1-687F-4AB0-84D3-A4D49CBE2915}.Debug|Any CPU.Build.0 = Debug|Any CPU
		{DFBFC4C1-687F-4AB0-84D3-A4D49CBE2915}.Debug|x64.ActiveCfg = Debug|Any CPU
		{DFBFC4C1-687F-4AB0-84D3-A4D49CBE2915}.Debug|x64.Build.0 = Debug|Any CPU
		{DFBFC4C1-687F-4AB0-84D3-A4D49CBE2915}.Debug|x86.ActiveCfg = Debug|Any CPU
		{DFBFC4C1-687F-4AB0-84D3-A4D49CBE2915}.Debug|x86.Build.0 = Debug|Any CPU
		{DFBFC4C1-687F-4AB0-84D3-A4D49CBE2915}.Release|Any CPU.ActiveCfg = Release|Any CPU
		{DFBFC4C1-687F-4AB0-84D3-A4D49CBE2915}.Release|Any CPU.Build.0 = Release|Any CPU
		{DFBFC4C1-687F-4AB0-84D3-A4D49CBE2915}.Release|x64.ActiveCfg = Release|Any CPU
		{DFBFC4C1-687F-4AB0-84D3-A4D49CBE2915}.Release|x64.Build.0 = Release|Any CPU
		{DFBFC4C1-687F-4AB0-84D3-A4D49CBE2915}.Release|x86.ActiveCfg = Release|Any CPU
		{DFBFC4C1-687F-4AB0-84D3-A4D49CBE2915}.Release|x86.Build.0 = Release|Any CPU
		{3B18F412-26FA-4720-8E42-822F7E44957D}.Debug|Any CPU.ActiveCfg = Debug|Any CPU
		{3B18F412-26FA-4720-8E42-822F7E44957D}.Debug|Any CPU.Build.0 = Debug|Any CPU
		{3B18F412-26FA-4720-8E42-822F7E44957D}.Debug|x64.ActiveCfg = Debug|Any CPU
		{3B18F412-26FA-4720-8E42-822F7E44957D}.Debug|x64.Build.0 = Debug|Any CPU
		{3B18F412-26FA-4720-8E42-822F7E44957D}.Debug|x86.ActiveCfg = Debug|Any CPU
		{3B18F412-26FA-4720-8E42-822F7E44957D}.Debug|x86.Build.0 = Debug|Any CPU
		{3B18F412-26FA-4720-8E42-822F7E44957D}.Release|Any CPU.ActiveCfg = Release|Any CPU
		{3B18F412-26FA-4720-8E42-822F7E44957D}.Release|Any CPU.Build.0 = Release|Any CPU
		{3B18F412-26FA-4720-8E42-822F7E44957D}.Release|x64.ActiveCfg = Release|Any CPU
		{3B18F412-26FA-4720-8E42-822F7E44957D}.Release|x64.Build.0 = Release|Any CPU
		{3B18F412-26FA-4720-8E42-822F7E44957D}.Release|x86.ActiveCfg = Release|Any CPU
		{3B18F412-26FA-4720-8E42-822F7E44957D}.Release|x86.Build.0 = Release|Any CPU
		{632D64F2-D847-4FBD-B027-D8AF03A7C1B1}.Debug|Any CPU.ActiveCfg = Debug|Any CPU
		{632D64F2-D847-4FBD-B027-D8AF03A7C1B1}.Debug|Any CPU.Build.0 = Debug|Any CPU
		{632D64F2-D847-4FBD-B027-D8AF03A7C1B1}.Debug|x64.ActiveCfg = Debug|Any CPU
		{632D64F2-D847-4FBD-B027-D8AF03A7C1B1}.Debug|x64.Build.0 = Debug|Any CPU
		{632D64F2-D847-4FBD-B027-D8AF03A7C1B1}.Debug|x86.ActiveCfg = Debug|Any CPU
		{632D64F2-D847-4FBD-B027-D8AF03A7C1B1}.Debug|x86.Build.0 = Debug|Any CPU
		{632D64F2-D847-4FBD-B027-D8AF03A7C1B1}.Release|Any CPU.ActiveCfg = Release|Any CPU
		{632D64F2-D847-4FBD-B027-D8AF03A7C1B1}.Release|Any CPU.Build.0 = Release|Any CPU
		{632D64F2-D847-4FBD-B027-D8AF03A7C1B1}.Release|x64.ActiveCfg = Release|Any CPU
		{632D64F2-D847-4FBD-B027-D8AF03A7C1B1}.Release|x64.Build.0 = Release|Any CPU
		{632D64F2-D847-4FBD-B027-D8AF03A7C1B1}.Release|x86.ActiveCfg = Release|Any CPU
		{632D64F2-D847-4FBD-B027-D8AF03A7C1B1}.Release|x86.Build.0 = Release|Any CPU
		{C2B00303-5260-4DBB-8BCA-F77E66F7D47D}.Debug|Any CPU.ActiveCfg = Debug|Any CPU
		{C2B00303-5260-4DBB-8BCA-F77E66F7D47D}.Debug|Any CPU.Build.0 = Debug|Any CPU
		{C2B00303-5260-4DBB-8BCA-F77E66F7D47D}.Debug|x64.ActiveCfg = Debug|Any CPU
		{C2B00303-5260-4DBB-8BCA-F77E66F7D47D}.Debug|x64.Build.0 = Debug|Any CPU
		{C2B00303-5260-4DBB-8BCA-F77E66F7D47D}.Debug|x86.ActiveCfg = Debug|Any CPU
		{C2B00303-5260-4DBB-8BCA-F77E66F7D47D}.Debug|x86.Build.0 = Debug|Any CPU
		{C2B00303-5260-4DBB-8BCA-F77E66F7D47D}.Release|Any CPU.ActiveCfg = Release|Any CPU
		{C2B00303-5260-4DBB-8BCA-F77E66F7D47D}.Release|Any CPU.Build.0 = Release|Any CPU
		{C2B00303-5260-4DBB-8BCA-F77E66F7D47D}.Release|x64.ActiveCfg = Release|Any CPU
		{C2B00303-5260-4DBB-8BCA-F77E66F7D47D}.Release|x64.Build.0 = Release|Any CPU
		{C2B00303-5260-4DBB-8BCA-F77E66F7D47D}.Release|x86.ActiveCfg = Release|Any CPU
		{C2B00303-5260-4DBB-8BCA-F77E66F7D47D}.Release|x86.Build.0 = Release|Any CPU
		{6B279139-0653-45FB-9C6F-B0DFE570B519}.Debug|Any CPU.ActiveCfg = Debug|Any CPU
		{6B279139-0653-45FB-9C6F-B0DFE570B519}.Debug|Any CPU.Build.0 = Debug|Any CPU
		{6B279139-0653-45FB-9C6F-B0DFE570B519}.Debug|x64.ActiveCfg = Debug|Any CPU
		{6B279139-0653-45FB-9C6F-B0DFE570B519}.Debug|x64.Build.0 = Debug|Any CPU
		{6B279139-0653-45FB-9C6F-B0DFE570B519}.Debug|x86.ActiveCfg = Debug|Any CPU
		{6B279139-0653-45FB-9C6F-B0DFE570B519}.Debug|x86.Build.0 = Debug|Any CPU
		{6B279139-0653-45FB-9C6F-B0DFE570B519}.Release|Any CPU.ActiveCfg = Release|Any CPU
		{6B279139-0653-45FB-9C6F-B0DFE570B519}.Release|Any CPU.Build.0 = Release|Any CPU
		{6B279139-0653-45FB-9C6F-B0DFE570B519}.Release|x64.ActiveCfg = Release|Any CPU
		{6B279139-0653-45FB-9C6F-B0DFE570B519}.Release|x64.Build.0 = Release|Any CPU
		{6B279139-0653-45FB-9C6F-B0DFE570B519}.Release|x86.ActiveCfg = Release|Any CPU
		{6B279139-0653-45FB-9C6F-B0DFE570B519}.Release|x86.Build.0 = Release|Any CPU
		{E0238779-9AB9-2E63-B7FC-02523FB2FA43}.Debug|Any CPU.ActiveCfg = Debug|Any CPU
		{E0238779-9AB9-2E63-B7FC-02523FB2FA43}.Debug|Any CPU.Build.0 = Debug|Any CPU
		{E0238779-9AB9-2E63-B7FC-02523FB2FA43}.Debug|x64.ActiveCfg = Debug|Any CPU
		{E0238779-9AB9-2E63-B7FC-02523FB2FA43}.Debug|x64.Build.0 = Debug|Any CPU
		{E0238779-9AB9-2E63-B7FC-02523FB2FA43}.Debug|x86.ActiveCfg = Debug|Any CPU
		{E0238779-9AB9-2E63-B7FC-02523FB2FA43}.Debug|x86.Build.0 = Debug|Any CPU
		{E0238779-9AB9-2E63-B7FC-02523FB2FA43}.Release|Any CPU.ActiveCfg = Release|Any CPU
		{E0238779-9AB9-2E63-B7FC-02523FB2FA43}.Release|Any CPU.Build.0 = Release|Any CPU
		{E0238779-9AB9-2E63-B7FC-02523FB2FA43}.Release|x64.ActiveCfg = Release|Any CPU
		{E0238779-9AB9-2E63-B7FC-02523FB2FA43}.Release|x64.Build.0 = Release|Any CPU
		{E0238779-9AB9-2E63-B7FC-02523FB2FA43}.Release|x86.ActiveCfg = Release|Any CPU
		{E0238779-9AB9-2E63-B7FC-02523FB2FA43}.Release|x86.Build.0 = Release|Any CPU
		{92B1EE60-A81C-1B2E-9B8E-910C99D8AB59}.Debug|Any CPU.ActiveCfg = Debug|Any CPU
		{92B1EE60-A81C-1B2E-9B8E-910C99D8AB59}.Debug|Any CPU.Build.0 = Debug|Any CPU
		{92B1EE60-A81C-1B2E-9B8E-910C99D8AB59}.Debug|x64.ActiveCfg = Debug|Any CPU
		{92B1EE60-A81C-1B2E-9B8E-910C99D8AB59}.Debug|x64.Build.0 = Debug|Any CPU
		{92B1EE60-A81C-1B2E-9B8E-910C99D8AB59}.Debug|x86.ActiveCfg = Debug|Any CPU
		{92B1EE60-A81C-1B2E-9B8E-910C99D8AB59}.Debug|x86.Build.0 = Debug|Any CPU
		{92B1EE60-A81C-1B2E-9B8E-910C99D8AB59}.Release|Any CPU.ActiveCfg = Release|Any CPU
		{92B1EE60-A81C-1B2E-9B8E-910C99D8AB59}.Release|Any CPU.Build.0 = Release|Any CPU
		{92B1EE60-A81C-1B2E-9B8E-910C99D8AB59}.Release|x64.ActiveCfg = Release|Any CPU
		{92B1EE60-A81C-1B2E-9B8E-910C99D8AB59}.Release|x64.Build.0 = Release|Any CPU
		{92B1EE60-A81C-1B2E-9B8E-910C99D8AB59}.Release|x86.ActiveCfg = Release|Any CPU
		{92B1EE60-A81C-1B2E-9B8E-910C99D8AB59}.Release|x86.Build.0 = Release|Any CPU
		{96FE233E-D0D0-AA4B-9FE6-ED07B7433F6A}.Debug|Any CPU.ActiveCfg = Debug|Any CPU
		{96FE233E-D0D0-AA4B-9FE6-ED07B7433F6A}.Debug|Any CPU.Build.0 = Debug|Any CPU
		{96FE233E-D0D0-AA4B-9FE6-ED07B7433F6A}.Debug|x64.ActiveCfg = Debug|Any CPU
		{96FE233E-D0D0-AA4B-9FE6-ED07B7433F6A}.Debug|x64.Build.0 = Debug|Any CPU
		{96FE233E-D0D0-AA4B-9FE6-ED07B7433F6A}.Debug|x86.ActiveCfg = Debug|Any CPU
		{96FE233E-D0D0-AA4B-9FE6-ED07B7433F6A}.Debug|x86.Build.0 = Debug|Any CPU
		{96FE233E-D0D0-AA4B-9FE6-ED07B7433F6A}.Release|Any CPU.ActiveCfg = Release|Any CPU
		{96FE233E-D0D0-AA4B-9FE6-ED07B7433F6A}.Release|Any CPU.Build.0 = Release|Any CPU
		{96FE233E-D0D0-AA4B-9FE6-ED07B7433F6A}.Release|x64.ActiveCfg = Release|Any CPU
		{96FE233E-D0D0-AA4B-9FE6-ED07B7433F6A}.Release|x64.Build.0 = Release|Any CPU
		{96FE233E-D0D0-AA4B-9FE6-ED07B7433F6A}.Release|x86.ActiveCfg = Release|Any CPU
		{96FE233E-D0D0-AA4B-9FE6-ED07B7433F6A}.Release|x86.Build.0 = Release|Any CPU
		{FE744F49-2BE0-5AEF-F944-B8FE973BF400}.Debug|Any CPU.ActiveCfg = Debug|Any CPU
		{FE744F49-2BE0-5AEF-F944-B8FE973BF400}.Debug|Any CPU.Build.0 = Debug|Any CPU
		{FE744F49-2BE0-5AEF-F944-B8FE973BF400}.Debug|x64.ActiveCfg = Debug|Any CPU
		{FE744F49-2BE0-5AEF-F944-B8FE973BF400}.Debug|x64.Build.0 = Debug|Any CPU
		{FE744F49-2BE0-5AEF-F944-B8FE973BF400}.Debug|x86.ActiveCfg = Debug|Any CPU
		{FE744F49-2BE0-5AEF-F944-B8FE973BF400}.Debug|x86.Build.0 = Debug|Any CPU
		{FE744F49-2BE0-5AEF-F944-B8FE973BF400}.Release|Any CPU.ActiveCfg = Release|Any CPU
		{FE744F49-2BE0-5AEF-F944-B8FE973BF400}.Release|Any CPU.Build.0 = Release|Any CPU
		{FE744F49-2BE0-5AEF-F944-B8FE973BF400}.Release|x64.ActiveCfg = Release|Any CPU
		{FE744F49-2BE0-5AEF-F944-B8FE973BF400}.Release|x64.Build.0 = Release|Any CPU
		{FE744F49-2BE0-5AEF-F944-B8FE973BF400}.Release|x86.ActiveCfg = Release|Any CPU
		{FE744F49-2BE0-5AEF-F944-B8FE973BF400}.Release|x86.Build.0 = Release|Any CPU
		{67019F6D-F1C9-2B51-A98F-78C86A266CB9}.Debug|Any CPU.ActiveCfg = Debug|Any CPU
		{67019F6D-F1C9-2B51-A98F-78C86A266CB9}.Debug|Any CPU.Build.0 = Debug|Any CPU
		{67019F6D-F1C9-2B51-A98F-78C86A266CB9}.Debug|x64.ActiveCfg = Debug|Any CPU
		{67019F6D-F1C9-2B51-A98F-78C86A266CB9}.Debug|x64.Build.0 = Debug|Any CPU
		{67019F6D-F1C9-2B51-A98F-78C86A266CB9}.Debug|x86.ActiveCfg = Debug|Any CPU
		{67019F6D-F1C9-2B51-A98F-78C86A266CB9}.Debug|x86.Build.0 = Debug|Any CPU
		{67019F6D-F1C9-2B51-A98F-78C86A266CB9}.Release|Any CPU.ActiveCfg = Release|Any CPU
		{67019F6D-F1C9-2B51-A98F-78C86A266CB9}.Release|Any CPU.Build.0 = Release|Any CPU
		{67019F6D-F1C9-2B51-A98F-78C86A266CB9}.Release|x64.ActiveCfg = Release|Any CPU
		{67019F6D-F1C9-2B51-A98F-78C86A266CB9}.Release|x64.Build.0 = Release|Any CPU
		{67019F6D-F1C9-2B51-A98F-78C86A266CB9}.Release|x86.ActiveCfg = Release|Any CPU
		{67019F6D-F1C9-2B51-A98F-78C86A266CB9}.Release|x86.Build.0 = Release|Any CPU
		{FA9E55FE-D77E-036A-127F-2F020B3A9BB5}.Debug|Any CPU.ActiveCfg = Debug|Any CPU
		{FA9E55FE-D77E-036A-127F-2F020B3A9BB5}.Debug|Any CPU.Build.0 = Debug|Any CPU
		{FA9E55FE-D77E-036A-127F-2F020B3A9BB5}.Debug|x64.ActiveCfg = Debug|Any CPU
		{FA9E55FE-D77E-036A-127F-2F020B3A9BB5}.Debug|x64.Build.0 = Debug|Any CPU
		{FA9E55FE-D77E-036A-127F-2F020B3A9BB5}.Debug|x86.ActiveCfg = Debug|Any CPU
		{FA9E55FE-D77E-036A-127F-2F020B3A9BB5}.Debug|x86.Build.0 = Debug|Any CPU
		{FA9E55FE-D77E-036A-127F-2F020B3A9BB5}.Release|Any CPU.ActiveCfg = Release|Any CPU
		{FA9E55FE-D77E-036A-127F-2F020B3A9BB5}.Release|Any CPU.Build.0 = Release|Any CPU
		{FA9E55FE-D77E-036A-127F-2F020B3A9BB5}.Release|x64.ActiveCfg = Release|Any CPU
		{FA9E55FE-D77E-036A-127F-2F020B3A9BB5}.Release|x64.Build.0 = Release|Any CPU
		{FA9E55FE-D77E-036A-127F-2F020B3A9BB5}.Release|x86.ActiveCfg = Release|Any CPU
		{FA9E55FE-D77E-036A-127F-2F020B3A9BB5}.Release|x86.Build.0 = Release|Any CPU
		{916566CC-816F-48FB-8D95-9D4D5AB7585C}.Debug|Any CPU.ActiveCfg = Debug|Any CPU
		{916566CC-816F-48FB-8D95-9D4D5AB7585C}.Debug|Any CPU.Build.0 = Debug|Any CPU
		{916566CC-816F-48FB-8D95-9D4D5AB7585C}.Debug|x64.ActiveCfg = Debug|Any CPU
		{916566CC-816F-48FB-8D95-9D4D5AB7585C}.Debug|x64.Build.0 = Debug|Any CPU
		{916566CC-816F-48FB-8D95-9D4D5AB7585C}.Debug|x86.ActiveCfg = Debug|Any CPU
		{916566CC-816F-48FB-8D95-9D4D5AB7585C}.Debug|x86.Build.0 = Debug|Any CPU
		{916566CC-816F-48FB-8D95-9D4D5AB7585C}.Release|Any CPU.ActiveCfg = Release|Any CPU
		{916566CC-816F-48FB-8D95-9D4D5AB7585C}.Release|Any CPU.Build.0 = Release|Any CPU
		{916566CC-816F-48FB-8D95-9D4D5AB7585C}.Release|x64.ActiveCfg = Release|Any CPU
		{916566CC-816F-48FB-8D95-9D4D5AB7585C}.Release|x64.Build.0 = Release|Any CPU
		{916566CC-816F-48FB-8D95-9D4D5AB7585C}.Release|x86.ActiveCfg = Release|Any CPU
		{916566CC-816F-48FB-8D95-9D4D5AB7585C}.Release|x86.Build.0 = Release|Any CPU
		{D2D7799D-2498-FAC3-D34C-BC4D6DE88C51}.Debug|Any CPU.ActiveCfg = Debug|Any CPU
		{D2D7799D-2498-FAC3-D34C-BC4D6DE88C51}.Debug|Any CPU.Build.0 = Debug|Any CPU
		{D2D7799D-2498-FAC3-D34C-BC4D6DE88C51}.Debug|x64.ActiveCfg = Debug|Any CPU
		{D2D7799D-2498-FAC3-D34C-BC4D6DE88C51}.Debug|x64.Build.0 = Debug|Any CPU
		{D2D7799D-2498-FAC3-D34C-BC4D6DE88C51}.Debug|x86.ActiveCfg = Debug|Any CPU
		{D2D7799D-2498-FAC3-D34C-BC4D6DE88C51}.Debug|x86.Build.0 = Debug|Any CPU
		{D2D7799D-2498-FAC3-D34C-BC4D6DE88C51}.Release|Any CPU.ActiveCfg = Release|Any CPU
		{D2D7799D-2498-FAC3-D34C-BC4D6DE88C51}.Release|Any CPU.Build.0 = Release|Any CPU
		{D2D7799D-2498-FAC3-D34C-BC4D6DE88C51}.Release|x64.ActiveCfg = Release|Any CPU
		{D2D7799D-2498-FAC3-D34C-BC4D6DE88C51}.Release|x64.Build.0 = Release|Any CPU
		{D2D7799D-2498-FAC3-D34C-BC4D6DE88C51}.Release|x86.ActiveCfg = Release|Any CPU
		{D2D7799D-2498-FAC3-D34C-BC4D6DE88C51}.Release|x86.Build.0 = Release|Any CPU
		{4079C85A-D09D-D186-EAC7-1A05DE7B0FF7}.Debug|Any CPU.ActiveCfg = Debug|Any CPU
		{4079C85A-D09D-D186-EAC7-1A05DE7B0FF7}.Debug|Any CPU.Build.0 = Debug|Any CPU
		{4079C85A-D09D-D186-EAC7-1A05DE7B0FF7}.Debug|x64.ActiveCfg = Debug|Any CPU
		{4079C85A-D09D-D186-EAC7-1A05DE7B0FF7}.Debug|x64.Build.0 = Debug|Any CPU
		{4079C85A-D09D-D186-EAC7-1A05DE7B0FF7}.Debug|x86.ActiveCfg = Debug|Any CPU
		{4079C85A-D09D-D186-EAC7-1A05DE7B0FF7}.Debug|x86.Build.0 = Debug|Any CPU
		{4079C85A-D09D-D186-EAC7-1A05DE7B0FF7}.Release|Any CPU.ActiveCfg = Release|Any CPU
		{4079C85A-D09D-D186-EAC7-1A05DE7B0FF7}.Release|Any CPU.Build.0 = Release|Any CPU
		{4079C85A-D09D-D186-EAC7-1A05DE7B0FF7}.Release|x64.ActiveCfg = Release|Any CPU
		{4079C85A-D09D-D186-EAC7-1A05DE7B0FF7}.Release|x64.Build.0 = Release|Any CPU
		{4079C85A-D09D-D186-EAC7-1A05DE7B0FF7}.Release|x86.ActiveCfg = Release|Any CPU
		{4079C85A-D09D-D186-EAC7-1A05DE7B0FF7}.Release|x86.Build.0 = Release|Any CPU
		{FE2F332D-FE65-A793-B736-DE0E88A2B0B5}.Debug|Any CPU.ActiveCfg = Debug|Any CPU
		{FE2F332D-FE65-A793-B736-DE0E88A2B0B5}.Debug|Any CPU.Build.0 = Debug|Any CPU
		{FE2F332D-FE65-A793-B736-DE0E88A2B0B5}.Debug|x64.ActiveCfg = Debug|Any CPU
		{FE2F332D-FE65-A793-B736-DE0E88A2B0B5}.Debug|x64.Build.0 = Debug|Any CPU
		{FE2F332D-FE65-A793-B736-DE0E88A2B0B5}.Debug|x86.ActiveCfg = Debug|Any CPU
		{FE2F332D-FE65-A793-B736-DE0E88A2B0B5}.Debug|x86.Build.0 = Debug|Any CPU
		{FE2F332D-FE65-A793-B736-DE0E88A2B0B5}.Release|Any CPU.ActiveCfg = Release|Any CPU
		{FE2F332D-FE65-A793-B736-DE0E88A2B0B5}.Release|Any CPU.Build.0 = Release|Any CPU
		{FE2F332D-FE65-A793-B736-DE0E88A2B0B5}.Release|x64.ActiveCfg = Release|Any CPU
		{FE2F332D-FE65-A793-B736-DE0E88A2B0B5}.Release|x64.Build.0 = Release|Any CPU
		{FE2F332D-FE65-A793-B736-DE0E88A2B0B5}.Release|x86.ActiveCfg = Release|Any CPU
		{FE2F332D-FE65-A793-B736-DE0E88A2B0B5}.Release|x86.Build.0 = Release|Any CPU
		{262D32E0-1BCE-8F6E-DF7C-85235B683513}.Debug|Any CPU.ActiveCfg = Debug|Any CPU
		{262D32E0-1BCE-8F6E-DF7C-85235B683513}.Debug|Any CPU.Build.0 = Debug|Any CPU
		{262D32E0-1BCE-8F6E-DF7C-85235B683513}.Debug|x64.ActiveCfg = Debug|Any CPU
		{262D32E0-1BCE-8F6E-DF7C-85235B683513}.Debug|x64.Build.0 = Debug|Any CPU
		{262D32E0-1BCE-8F6E-DF7C-85235B683513}.Debug|x86.ActiveCfg = Debug|Any CPU
		{262D32E0-1BCE-8F6E-DF7C-85235B683513}.Debug|x86.Build.0 = Debug|Any CPU
		{262D32E0-1BCE-8F6E-DF7C-85235B683513}.Release|Any CPU.ActiveCfg = Release|Any CPU
		{262D32E0-1BCE-8F6E-DF7C-85235B683513}.Release|Any CPU.Build.0 = Release|Any CPU
		{262D32E0-1BCE-8F6E-DF7C-85235B683513}.Release|x64.ActiveCfg = Release|Any CPU
		{262D32E0-1BCE-8F6E-DF7C-85235B683513}.Release|x64.Build.0 = Release|Any CPU
		{262D32E0-1BCE-8F6E-DF7C-85235B683513}.Release|x86.ActiveCfg = Release|Any CPU
		{262D32E0-1BCE-8F6E-DF7C-85235B683513}.Release|x86.Build.0 = Release|Any CPU
		{A7B70BAE-32CD-1803-8A53-473378397CDA}.Debug|Any CPU.ActiveCfg = Debug|Any CPU
		{A7B70BAE-32CD-1803-8A53-473378397CDA}.Debug|Any CPU.Build.0 = Debug|Any CPU
		{A7B70BAE-32CD-1803-8A53-473378397CDA}.Debug|x64.ActiveCfg = Debug|Any CPU
		{A7B70BAE-32CD-1803-8A53-473378397CDA}.Debug|x64.Build.0 = Debug|Any CPU
		{A7B70BAE-32CD-1803-8A53-473378397CDA}.Debug|x86.ActiveCfg = Debug|Any CPU
		{A7B70BAE-32CD-1803-8A53-473378397CDA}.Debug|x86.Build.0 = Debug|Any CPU
		{A7B70BAE-32CD-1803-8A53-473378397CDA}.Release|Any CPU.ActiveCfg = Release|Any CPU
		{A7B70BAE-32CD-1803-8A53-473378397CDA}.Release|Any CPU.Build.0 = Release|Any CPU
		{A7B70BAE-32CD-1803-8A53-473378397CDA}.Release|x64.ActiveCfg = Release|Any CPU
		{A7B70BAE-32CD-1803-8A53-473378397CDA}.Release|x64.Build.0 = Release|Any CPU
		{A7B70BAE-32CD-1803-8A53-473378397CDA}.Release|x86.ActiveCfg = Release|Any CPU
		{A7B70BAE-32CD-1803-8A53-473378397CDA}.Release|x86.Build.0 = Release|Any CPU
		{91326033-D3CE-FB86-24F5-C4E7DF7F23CA}.Debug|Any CPU.ActiveCfg = Debug|Any CPU
		{91326033-D3CE-FB86-24F5-C4E7DF7F23CA}.Debug|Any CPU.Build.0 = Debug|Any CPU
		{91326033-D3CE-FB86-24F5-C4E7DF7F23CA}.Debug|x64.ActiveCfg = Debug|Any CPU
		{91326033-D3CE-FB86-24F5-C4E7DF7F23CA}.Debug|x64.Build.0 = Debug|Any CPU
		{91326033-D3CE-FB86-24F5-C4E7DF7F23CA}.Debug|x86.ActiveCfg = Debug|Any CPU
		{91326033-D3CE-FB86-24F5-C4E7DF7F23CA}.Debug|x86.Build.0 = Debug|Any CPU
		{91326033-D3CE-FB86-24F5-C4E7DF7F23CA}.Release|Any CPU.ActiveCfg = Release|Any CPU
		{91326033-D3CE-FB86-24F5-C4E7DF7F23CA}.Release|Any CPU.Build.0 = Release|Any CPU
		{91326033-D3CE-FB86-24F5-C4E7DF7F23CA}.Release|x64.ActiveCfg = Release|Any CPU
		{91326033-D3CE-FB86-24F5-C4E7DF7F23CA}.Release|x64.Build.0 = Release|Any CPU
		{91326033-D3CE-FB86-24F5-C4E7DF7F23CA}.Release|x86.ActiveCfg = Release|Any CPU
		{91326033-D3CE-FB86-24F5-C4E7DF7F23CA}.Release|x86.Build.0 = Release|Any CPU
		{E044E877-05BF-FAB6-5571-2A36D27B2234}.Debug|Any CPU.ActiveCfg = Debug|Any CPU
		{E044E877-05BF-FAB6-5571-2A36D27B2234}.Debug|Any CPU.Build.0 = Debug|Any CPU
		{E044E877-05BF-FAB6-5571-2A36D27B2234}.Debug|x64.ActiveCfg = Debug|Any CPU
		{E044E877-05BF-FAB6-5571-2A36D27B2234}.Debug|x64.Build.0 = Debug|Any CPU
		{E044E877-05BF-FAB6-5571-2A36D27B2234}.Debug|x86.ActiveCfg = Debug|Any CPU
		{E044E877-05BF-FAB6-5571-2A36D27B2234}.Debug|x86.Build.0 = Debug|Any CPU
		{E044E877-05BF-FAB6-5571-2A36D27B2234}.Release|Any CPU.ActiveCfg = Release|Any CPU
		{E044E877-05BF-FAB6-5571-2A36D27B2234}.Release|Any CPU.Build.0 = Release|Any CPU
		{E044E877-05BF-FAB6-5571-2A36D27B2234}.Release|x64.ActiveCfg = Release|Any CPU
		{E044E877-05BF-FAB6-5571-2A36D27B2234}.Release|x64.Build.0 = Release|Any CPU
		{E044E877-05BF-FAB6-5571-2A36D27B2234}.Release|x86.ActiveCfg = Release|Any CPU
		{E044E877-05BF-FAB6-5571-2A36D27B2234}.Release|x86.Build.0 = Release|Any CPU
		{4C3BFB8A-3DB1-9D6A-F839-3FE78474E788}.Debug|Any CPU.ActiveCfg = Debug|Any CPU
		{4C3BFB8A-3DB1-9D6A-F839-3FE78474E788}.Debug|Any CPU.Build.0 = Debug|Any CPU
		{4C3BFB8A-3DB1-9D6A-F839-3FE78474E788}.Debug|x64.ActiveCfg = Debug|Any CPU
		{4C3BFB8A-3DB1-9D6A-F839-3FE78474E788}.Debug|x64.Build.0 = Debug|Any CPU
		{4C3BFB8A-3DB1-9D6A-F839-3FE78474E788}.Debug|x86.ActiveCfg = Debug|Any CPU
		{4C3BFB8A-3DB1-9D6A-F839-3FE78474E788}.Debug|x86.Build.0 = Debug|Any CPU
		{4C3BFB8A-3DB1-9D6A-F839-3FE78474E788}.Release|Any CPU.ActiveCfg = Release|Any CPU
		{4C3BFB8A-3DB1-9D6A-F839-3FE78474E788}.Release|Any CPU.Build.0 = Release|Any CPU
		{4C3BFB8A-3DB1-9D6A-F839-3FE78474E788}.Release|x64.ActiveCfg = Release|Any CPU
		{4C3BFB8A-3DB1-9D6A-F839-3FE78474E788}.Release|x64.Build.0 = Release|Any CPU
		{4C3BFB8A-3DB1-9D6A-F839-3FE78474E788}.Release|x86.ActiveCfg = Release|Any CPU
		{4C3BFB8A-3DB1-9D6A-F839-3FE78474E788}.Release|x86.Build.0 = Release|Any CPU
		{BEB0192E-ECCA-DD1D-D3BC-93B4A522BA04}.Debug|Any CPU.ActiveCfg = Debug|Any CPU
		{BEB0192E-ECCA-DD1D-D3BC-93B4A522BA04}.Debug|Any CPU.Build.0 = Debug|Any CPU
		{BEB0192E-ECCA-DD1D-D3BC-93B4A522BA04}.Debug|x64.ActiveCfg = Debug|Any CPU
		{BEB0192E-ECCA-DD1D-D3BC-93B4A522BA04}.Debug|x64.Build.0 = Debug|Any CPU
		{BEB0192E-ECCA-DD1D-D3BC-93B4A522BA04}.Debug|x86.ActiveCfg = Debug|Any CPU
		{BEB0192E-ECCA-DD1D-D3BC-93B4A522BA04}.Debug|x86.Build.0 = Debug|Any CPU
		{BEB0192E-ECCA-DD1D-D3BC-93B4A522BA04}.Release|Any CPU.ActiveCfg = Release|Any CPU
		{BEB0192E-ECCA-DD1D-D3BC-93B4A522BA04}.Release|Any CPU.Build.0 = Release|Any CPU
		{BEB0192E-ECCA-DD1D-D3BC-93B4A522BA04}.Release|x64.ActiveCfg = Release|Any CPU
		{BEB0192E-ECCA-DD1D-D3BC-93B4A522BA04}.Release|x64.Build.0 = Release|Any CPU
		{BEB0192E-ECCA-DD1D-D3BC-93B4A522BA04}.Release|x86.ActiveCfg = Release|Any CPU
		{BEB0192E-ECCA-DD1D-D3BC-93B4A522BA04}.Release|x86.Build.0 = Release|Any CPU
		{9B2DCD2F-A1D1-3CDE-6DD2-1915D7E8C8D6}.Debug|Any CPU.ActiveCfg = Debug|Any CPU
		{9B2DCD2F-A1D1-3CDE-6DD2-1915D7E8C8D6}.Debug|Any CPU.Build.0 = Debug|Any CPU
		{9B2DCD2F-A1D1-3CDE-6DD2-1915D7E8C8D6}.Debug|x64.ActiveCfg = Debug|Any CPU
		{9B2DCD2F-A1D1-3CDE-6DD2-1915D7E8C8D6}.Debug|x64.Build.0 = Debug|Any CPU
		{9B2DCD2F-A1D1-3CDE-6DD2-1915D7E8C8D6}.Debug|x86.ActiveCfg = Debug|Any CPU
		{9B2DCD2F-A1D1-3CDE-6DD2-1915D7E8C8D6}.Debug|x86.Build.0 = Debug|Any CPU
		{9B2DCD2F-A1D1-3CDE-6DD2-1915D7E8C8D6}.Release|Any CPU.ActiveCfg = Release|Any CPU
		{9B2DCD2F-A1D1-3CDE-6DD2-1915D7E8C8D6}.Release|Any CPU.Build.0 = Release|Any CPU
		{9B2DCD2F-A1D1-3CDE-6DD2-1915D7E8C8D6}.Release|x64.ActiveCfg = Release|Any CPU
		{9B2DCD2F-A1D1-3CDE-6DD2-1915D7E8C8D6}.Release|x64.Build.0 = Release|Any CPU
		{9B2DCD2F-A1D1-3CDE-6DD2-1915D7E8C8D6}.Release|x86.ActiveCfg = Release|Any CPU
		{9B2DCD2F-A1D1-3CDE-6DD2-1915D7E8C8D6}.Release|x86.Build.0 = Release|Any CPU
		{0BFE397D-2E80-5AC9-C407-FE98C4CF5CBC}.Debug|Any CPU.ActiveCfg = Debug|Any CPU
		{0BFE397D-2E80-5AC9-C407-FE98C4CF5CBC}.Debug|Any CPU.Build.0 = Debug|Any CPU
		{0BFE397D-2E80-5AC9-C407-FE98C4CF5CBC}.Debug|x64.ActiveCfg = Debug|Any CPU
		{0BFE397D-2E80-5AC9-C407-FE98C4CF5CBC}.Debug|x64.Build.0 = Debug|Any CPU
		{0BFE397D-2E80-5AC9-C407-FE98C4CF5CBC}.Debug|x86.ActiveCfg = Debug|Any CPU
		{0BFE397D-2E80-5AC9-C407-FE98C4CF5CBC}.Debug|x86.Build.0 = Debug|Any CPU
		{0BFE397D-2E80-5AC9-C407-FE98C4CF5CBC}.Release|Any CPU.ActiveCfg = Release|Any CPU
		{0BFE397D-2E80-5AC9-C407-FE98C4CF5CBC}.Release|Any CPU.Build.0 = Release|Any CPU
		{0BFE397D-2E80-5AC9-C407-FE98C4CF5CBC}.Release|x64.ActiveCfg = Release|Any CPU
		{0BFE397D-2E80-5AC9-C407-FE98C4CF5CBC}.Release|x64.Build.0 = Release|Any CPU
		{0BFE397D-2E80-5AC9-C407-FE98C4CF5CBC}.Release|x86.ActiveCfg = Release|Any CPU
		{0BFE397D-2E80-5AC9-C407-FE98C4CF5CBC}.Release|x86.Build.0 = Release|Any CPU
		{86CFD9F7-40B0-C8FA-BD8E-AD496E262FBB}.Debug|Any CPU.ActiveCfg = Debug|Any CPU
		{86CFD9F7-40B0-C8FA-BD8E-AD496E262FBB}.Debug|Any CPU.Build.0 = Debug|Any CPU
		{86CFD9F7-40B0-C8FA-BD8E-AD496E262FBB}.Debug|x64.ActiveCfg = Debug|Any CPU
		{86CFD9F7-40B0-C8FA-BD8E-AD496E262FBB}.Debug|x64.Build.0 = Debug|Any CPU
		{86CFD9F7-40B0-C8FA-BD8E-AD496E262FBB}.Debug|x86.ActiveCfg = Debug|Any CPU
		{86CFD9F7-40B0-C8FA-BD8E-AD496E262FBB}.Debug|x86.Build.0 = Debug|Any CPU
		{86CFD9F7-40B0-C8FA-BD8E-AD496E262FBB}.Release|Any CPU.ActiveCfg = Release|Any CPU
		{86CFD9F7-40B0-C8FA-BD8E-AD496E262FBB}.Release|Any CPU.Build.0 = Release|Any CPU
		{86CFD9F7-40B0-C8FA-BD8E-AD496E262FBB}.Release|x64.ActiveCfg = Release|Any CPU
		{86CFD9F7-40B0-C8FA-BD8E-AD496E262FBB}.Release|x64.Build.0 = Release|Any CPU
		{86CFD9F7-40B0-C8FA-BD8E-AD496E262FBB}.Release|x86.ActiveCfg = Release|Any CPU
		{86CFD9F7-40B0-C8FA-BD8E-AD496E262FBB}.Release|x86.Build.0 = Release|Any CPU
		{7C59E66D-81DB-BD70-9C50-2CB3160BA837}.Debug|Any CPU.ActiveCfg = Debug|Any CPU
		{7C59E66D-81DB-BD70-9C50-2CB3160BA837}.Debug|Any CPU.Build.0 = Debug|Any CPU
		{7C59E66D-81DB-BD70-9C50-2CB3160BA837}.Debug|x64.ActiveCfg = Debug|Any CPU
		{7C59E66D-81DB-BD70-9C50-2CB3160BA837}.Debug|x64.Build.0 = Debug|Any CPU
		{7C59E66D-81DB-BD70-9C50-2CB3160BA837}.Debug|x86.ActiveCfg = Debug|Any CPU
		{7C59E66D-81DB-BD70-9C50-2CB3160BA837}.Debug|x86.Build.0 = Debug|Any CPU
		{7C59E66D-81DB-BD70-9C50-2CB3160BA837}.Release|Any CPU.ActiveCfg = Release|Any CPU
		{7C59E66D-81DB-BD70-9C50-2CB3160BA837}.Release|Any CPU.Build.0 = Release|Any CPU
		{7C59E66D-81DB-BD70-9C50-2CB3160BA837}.Release|x64.ActiveCfg = Release|Any CPU
		{7C59E66D-81DB-BD70-9C50-2CB3160BA837}.Release|x64.Build.0 = Release|Any CPU
		{7C59E66D-81DB-BD70-9C50-2CB3160BA837}.Release|x86.ActiveCfg = Release|Any CPU
		{7C59E66D-81DB-BD70-9C50-2CB3160BA837}.Release|x86.Build.0 = Release|Any CPU
		{A3830D77-E7D3-4403-8D02-82786EFD777E}.Debug|Any CPU.ActiveCfg = Debug|Any CPU
		{A3830D77-E7D3-4403-8D02-82786EFD777E}.Debug|Any CPU.Build.0 = Debug|Any CPU
		{A3830D77-E7D3-4403-8D02-82786EFD777E}.Debug|x64.ActiveCfg = Debug|Any CPU
		{A3830D77-E7D3-4403-8D02-82786EFD777E}.Debug|x64.Build.0 = Debug|Any CPU
		{A3830D77-E7D3-4403-8D02-82786EFD777E}.Debug|x86.ActiveCfg = Debug|Any CPU
		{A3830D77-E7D3-4403-8D02-82786EFD777E}.Debug|x86.Build.0 = Debug|Any CPU
		{A3830D77-E7D3-4403-8D02-82786EFD777E}.Release|Any CPU.ActiveCfg = Release|Any CPU
		{A3830D77-E7D3-4403-8D02-82786EFD777E}.Release|Any CPU.Build.0 = Release|Any CPU
		{A3830D77-E7D3-4403-8D02-82786EFD777E}.Release|x64.ActiveCfg = Release|Any CPU
		{A3830D77-E7D3-4403-8D02-82786EFD777E}.Release|x64.Build.0 = Release|Any CPU
		{A3830D77-E7D3-4403-8D02-82786EFD777E}.Release|x86.ActiveCfg = Release|Any CPU
		{A3830D77-E7D3-4403-8D02-82786EFD777E}.Release|x86.Build.0 = Release|Any CPU
		{E7AE36D4-9A3F-40B1-A5FF-FAC51BF1ECEF}.Debug|Any CPU.ActiveCfg = Debug|Any CPU
		{E7AE36D4-9A3F-40B1-A5FF-FAC51BF1ECEF}.Debug|Any CPU.Build.0 = Debug|Any CPU
		{E7AE36D4-9A3F-40B1-A5FF-FAC51BF1ECEF}.Debug|x64.ActiveCfg = Debug|Any CPU
		{E7AE36D4-9A3F-40B1-A5FF-FAC51BF1ECEF}.Debug|x64.Build.0 = Debug|Any CPU
		{E7AE36D4-9A3F-40B1-A5FF-FAC51BF1ECEF}.Debug|x86.ActiveCfg = Debug|Any CPU
		{E7AE36D4-9A3F-40B1-A5FF-FAC51BF1ECEF}.Debug|x86.Build.0 = Debug|Any CPU
		{E7AE36D4-9A3F-40B1-A5FF-FAC51BF1ECEF}.Release|Any CPU.ActiveCfg = Release|Any CPU
		{E7AE36D4-9A3F-40B1-A5FF-FAC51BF1ECEF}.Release|Any CPU.Build.0 = Release|Any CPU
		{E7AE36D4-9A3F-40B1-A5FF-FAC51BF1ECEF}.Release|x64.ActiveCfg = Release|Any CPU
		{E7AE36D4-9A3F-40B1-A5FF-FAC51BF1ECEF}.Release|x64.Build.0 = Release|Any CPU
		{E7AE36D4-9A3F-40B1-A5FF-FAC51BF1ECEF}.Release|x86.ActiveCfg = Release|Any CPU
		{E7AE36D4-9A3F-40B1-A5FF-FAC51BF1ECEF}.Release|x86.Build.0 = Release|Any CPU
		{BEA941E1-CCF3-415F-857A-4451564C6A0F}.Debug|Any CPU.ActiveCfg = Debug|Any CPU
		{BEA941E1-CCF3-415F-857A-4451564C6A0F}.Debug|Any CPU.Build.0 = Debug|Any CPU
		{BEA941E1-CCF3-415F-857A-4451564C6A0F}.Debug|x64.ActiveCfg = Debug|Any CPU
		{BEA941E1-CCF3-415F-857A-4451564C6A0F}.Debug|x64.Build.0 = Debug|Any CPU
		{BEA941E1-CCF3-415F-857A-4451564C6A0F}.Debug|x86.ActiveCfg = Debug|Any CPU
		{BEA941E1-CCF3-415F-857A-4451564C6A0F}.Debug|x86.Build.0 = Debug|Any CPU
		{BEA941E1-CCF3-415F-857A-4451564C6A0F}.Release|Any CPU.ActiveCfg = Release|Any CPU
		{BEA941E1-CCF3-415F-857A-4451564C6A0F}.Release|Any CPU.Build.0 = Release|Any CPU
		{BEA941E1-CCF3-415F-857A-4451564C6A0F}.Release|x64.ActiveCfg = Release|Any CPU
		{BEA941E1-CCF3-415F-857A-4451564C6A0F}.Release|x64.Build.0 = Release|Any CPU
		{BEA941E1-CCF3-415F-857A-4451564C6A0F}.Release|x86.ActiveCfg = Release|Any CPU
		{BEA941E1-CCF3-415F-857A-4451564C6A0F}.Release|x86.Build.0 = Release|Any CPU
		{C5681B2A-35C0-43F9-8E44-6E3511192DEF}.Debug|Any CPU.ActiveCfg = Debug|Any CPU
		{C5681B2A-35C0-43F9-8E44-6E3511192DEF}.Debug|Any CPU.Build.0 = Debug|Any CPU
		{C5681B2A-35C0-43F9-8E44-6E3511192DEF}.Debug|x64.ActiveCfg = Debug|Any CPU
		{C5681B2A-35C0-43F9-8E44-6E3511192DEF}.Debug|x64.Build.0 = Debug|Any CPU
		{C5681B2A-35C0-43F9-8E44-6E3511192DEF}.Debug|x86.ActiveCfg = Debug|Any CPU
		{C5681B2A-35C0-43F9-8E44-6E3511192DEF}.Debug|x86.Build.0 = Debug|Any CPU
		{C5681B2A-35C0-43F9-8E44-6E3511192DEF}.Release|Any CPU.ActiveCfg = Release|Any CPU
		{C5681B2A-35C0-43F9-8E44-6E3511192DEF}.Release|Any CPU.Build.0 = Release|Any CPU
		{C5681B2A-35C0-43F9-8E44-6E3511192DEF}.Release|x64.ActiveCfg = Release|Any CPU
		{C5681B2A-35C0-43F9-8E44-6E3511192DEF}.Release|x64.Build.0 = Release|Any CPU
		{C5681B2A-35C0-43F9-8E44-6E3511192DEF}.Release|x86.ActiveCfg = Release|Any CPU
		{C5681B2A-35C0-43F9-8E44-6E3511192DEF}.Release|x86.Build.0 = Release|Any CPU
		{E055111C-2C6A-48D3-85F7-505555879513}.Debug|Any CPU.ActiveCfg = Debug|Any CPU
		{E055111C-2C6A-48D3-85F7-505555879513}.Debug|Any CPU.Build.0 = Debug|Any CPU
		{E055111C-2C6A-48D3-85F7-505555879513}.Debug|x64.ActiveCfg = Debug|Any CPU
		{E055111C-2C6A-48D3-85F7-505555879513}.Debug|x64.Build.0 = Debug|Any CPU
		{E055111C-2C6A-48D3-85F7-505555879513}.Debug|x86.ActiveCfg = Debug|Any CPU
		{E055111C-2C6A-48D3-85F7-505555879513}.Debug|x86.Build.0 = Debug|Any CPU
		{E055111C-2C6A-48D3-85F7-505555879513}.Release|Any CPU.ActiveCfg = Release|Any CPU
		{E055111C-2C6A-48D3-85F7-505555879513}.Release|Any CPU.Build.0 = Release|Any CPU
		{E055111C-2C6A-48D3-85F7-505555879513}.Release|x64.ActiveCfg = Release|Any CPU
		{E055111C-2C6A-48D3-85F7-505555879513}.Release|x64.Build.0 = Release|Any CPU
		{E055111C-2C6A-48D3-85F7-505555879513}.Release|x86.ActiveCfg = Release|Any CPU
		{E055111C-2C6A-48D3-85F7-505555879513}.Release|x86.Build.0 = Release|Any CPU
		{06F36F98-19B0-9B84-8B47-1958DBF78F2A}.Debug|Any CPU.ActiveCfg = Debug|Any CPU
		{06F36F98-19B0-9B84-8B47-1958DBF78F2A}.Debug|Any CPU.Build.0 = Debug|Any CPU
		{06F36F98-19B0-9B84-8B47-1958DBF78F2A}.Debug|x64.ActiveCfg = Debug|Any CPU
		{06F36F98-19B0-9B84-8B47-1958DBF78F2A}.Debug|x64.Build.0 = Debug|Any CPU
		{06F36F98-19B0-9B84-8B47-1958DBF78F2A}.Debug|x86.ActiveCfg = Debug|Any CPU
		{06F36F98-19B0-9B84-8B47-1958DBF78F2A}.Debug|x86.Build.0 = Debug|Any CPU
		{06F36F98-19B0-9B84-8B47-1958DBF78F2A}.Release|Any CPU.ActiveCfg = Release|Any CPU
		{06F36F98-19B0-9B84-8B47-1958DBF78F2A}.Release|Any CPU.Build.0 = Release|Any CPU
		{06F36F98-19B0-9B84-8B47-1958DBF78F2A}.Release|x64.ActiveCfg = Release|Any CPU
		{06F36F98-19B0-9B84-8B47-1958DBF78F2A}.Release|x64.Build.0 = Release|Any CPU
		{06F36F98-19B0-9B84-8B47-1958DBF78F2A}.Release|x86.ActiveCfg = Release|Any CPU
		{06F36F98-19B0-9B84-8B47-1958DBF78F2A}.Release|x86.Build.0 = Release|Any CPU
		{78404B4D-48EF-D452-3B34-DC5F1B105245}.Debug|Any CPU.ActiveCfg = Debug|Any CPU
		{78404B4D-48EF-D452-3B34-DC5F1B105245}.Debug|Any CPU.Build.0 = Debug|Any CPU
		{78404B4D-48EF-D452-3B34-DC5F1B105245}.Debug|x64.ActiveCfg = Debug|Any CPU
		{78404B4D-48EF-D452-3B34-DC5F1B105245}.Debug|x64.Build.0 = Debug|Any CPU
		{78404B4D-48EF-D452-3B34-DC5F1B105245}.Debug|x86.ActiveCfg = Debug|Any CPU
		{78404B4D-48EF-D452-3B34-DC5F1B105245}.Debug|x86.Build.0 = Debug|Any CPU
		{78404B4D-48EF-D452-3B34-DC5F1B105245}.Release|Any CPU.ActiveCfg = Release|Any CPU
		{78404B4D-48EF-D452-3B34-DC5F1B105245}.Release|Any CPU.Build.0 = Release|Any CPU
		{78404B4D-48EF-D452-3B34-DC5F1B105245}.Release|x64.ActiveCfg = Release|Any CPU
		{78404B4D-48EF-D452-3B34-DC5F1B105245}.Release|x64.Build.0 = Release|Any CPU
		{78404B4D-48EF-D452-3B34-DC5F1B105245}.Release|x86.ActiveCfg = Release|Any CPU
		{78404B4D-48EF-D452-3B34-DC5F1B105245}.Release|x86.Build.0 = Release|Any CPU
		{A861F717-33CF-3848-C36D-600740F27FF9}.Debug|Any CPU.ActiveCfg = Debug|Any CPU
		{A861F717-33CF-3848-C36D-600740F27FF9}.Debug|Any CPU.Build.0 = Debug|Any CPU
		{A861F717-33CF-3848-C36D-600740F27FF9}.Debug|x64.ActiveCfg = Debug|Any CPU
		{A861F717-33CF-3848-C36D-600740F27FF9}.Debug|x64.Build.0 = Debug|Any CPU
		{A861F717-33CF-3848-C36D-600740F27FF9}.Debug|x86.ActiveCfg = Debug|Any CPU
		{A861F717-33CF-3848-C36D-600740F27FF9}.Debug|x86.Build.0 = Debug|Any CPU
		{A861F717-33CF-3848-C36D-600740F27FF9}.Release|Any CPU.ActiveCfg = Release|Any CPU
		{A861F717-33CF-3848-C36D-600740F27FF9}.Release|Any CPU.Build.0 = Release|Any CPU
		{A861F717-33CF-3848-C36D-600740F27FF9}.Release|x64.ActiveCfg = Release|Any CPU
		{A861F717-33CF-3848-C36D-600740F27FF9}.Release|x64.Build.0 = Release|Any CPU
		{A861F717-33CF-3848-C36D-600740F27FF9}.Release|x86.ActiveCfg = Release|Any CPU
		{A861F717-33CF-3848-C36D-600740F27FF9}.Release|x86.Build.0 = Release|Any CPU
		{0B0A1BAE-1784-1076-3A60-EEA938365EA8}.Debug|Any CPU.ActiveCfg = Debug|Any CPU
		{0B0A1BAE-1784-1076-3A60-EEA938365EA8}.Debug|Any CPU.Build.0 = Debug|Any CPU
		{0B0A1BAE-1784-1076-3A60-EEA938365EA8}.Debug|x64.ActiveCfg = Debug|Any CPU
		{0B0A1BAE-1784-1076-3A60-EEA938365EA8}.Debug|x64.Build.0 = Debug|Any CPU
		{0B0A1BAE-1784-1076-3A60-EEA938365EA8}.Debug|x86.ActiveCfg = Debug|Any CPU
		{0B0A1BAE-1784-1076-3A60-EEA938365EA8}.Debug|x86.Build.0 = Debug|Any CPU
		{0B0A1BAE-1784-1076-3A60-EEA938365EA8}.Release|Any CPU.ActiveCfg = Release|Any CPU
		{0B0A1BAE-1784-1076-3A60-EEA938365EA8}.Release|Any CPU.Build.0 = Release|Any CPU
		{0B0A1BAE-1784-1076-3A60-EEA938365EA8}.Release|x64.ActiveCfg = Release|Any CPU
		{0B0A1BAE-1784-1076-3A60-EEA938365EA8}.Release|x64.Build.0 = Release|Any CPU
		{0B0A1BAE-1784-1076-3A60-EEA938365EA8}.Release|x86.ActiveCfg = Release|Any CPU
		{0B0A1BAE-1784-1076-3A60-EEA938365EA8}.Release|x86.Build.0 = Release|Any CPU
		{D425827A-906F-4F73-95DD-269F342D62AD}.Debug|Any CPU.ActiveCfg = Debug|Any CPU
		{D425827A-906F-4F73-95DD-269F342D62AD}.Debug|Any CPU.Build.0 = Debug|Any CPU
		{D425827A-906F-4F73-95DD-269F342D62AD}.Debug|x64.ActiveCfg = Debug|Any CPU
		{D425827A-906F-4F73-95DD-269F342D62AD}.Debug|x64.Build.0 = Debug|Any CPU
		{D425827A-906F-4F73-95DD-269F342D62AD}.Debug|x86.ActiveCfg = Debug|Any CPU
		{D425827A-906F-4F73-95DD-269F342D62AD}.Debug|x86.Build.0 = Debug|Any CPU
		{D425827A-906F-4F73-95DD-269F342D62AD}.Release|Any CPU.ActiveCfg = Release|Any CPU
		{D425827A-906F-4F73-95DD-269F342D62AD}.Release|Any CPU.Build.0 = Release|Any CPU
		{D425827A-906F-4F73-95DD-269F342D62AD}.Release|x64.ActiveCfg = Release|Any CPU
		{D425827A-906F-4F73-95DD-269F342D62AD}.Release|x64.Build.0 = Release|Any CPU
		{D425827A-906F-4F73-95DD-269F342D62AD}.Release|x86.ActiveCfg = Release|Any CPU
		{D425827A-906F-4F73-95DD-269F342D62AD}.Release|x86.Build.0 = Release|Any CPU
		{597B0E37-D4F0-4DA0-B4EA-0F0B3A7AC5F0}.Debug|Any CPU.ActiveCfg = Debug|Any CPU
		{597B0E37-D4F0-4DA0-B4EA-0F0B3A7AC5F0}.Debug|Any CPU.Build.0 = Debug|Any CPU
		{597B0E37-D4F0-4DA0-B4EA-0F0B3A7AC5F0}.Debug|x64.ActiveCfg = Debug|Any CPU
		{597B0E37-D4F0-4DA0-B4EA-0F0B3A7AC5F0}.Debug|x64.Build.0 = Debug|Any CPU
		{597B0E37-D4F0-4DA0-B4EA-0F0B3A7AC5F0}.Debug|x86.ActiveCfg = Debug|Any CPU
		{597B0E37-D4F0-4DA0-B4EA-0F0B3A7AC5F0}.Debug|x86.Build.0 = Debug|Any CPU
		{597B0E37-D4F0-4DA0-B4EA-0F0B3A7AC5F0}.Release|Any CPU.ActiveCfg = Release|Any CPU
		{597B0E37-D4F0-4DA0-B4EA-0F0B3A7AC5F0}.Release|Any CPU.Build.0 = Release|Any CPU
		{597B0E37-D4F0-4DA0-B4EA-0F0B3A7AC5F0}.Release|x64.ActiveCfg = Release|Any CPU
		{597B0E37-D4F0-4DA0-B4EA-0F0B3A7AC5F0}.Release|x64.Build.0 = Release|Any CPU
		{597B0E37-D4F0-4DA0-B4EA-0F0B3A7AC5F0}.Release|x86.ActiveCfg = Release|Any CPU
		{597B0E37-D4F0-4DA0-B4EA-0F0B3A7AC5F0}.Release|x86.Build.0 = Release|Any CPU
		{288F0778-DC46-43D8-830D-F524C27E9E5F}.Debug|Any CPU.ActiveCfg = Debug|Any CPU
		{288F0778-DC46-43D8-830D-F524C27E9E5F}.Debug|Any CPU.Build.0 = Debug|Any CPU
		{288F0778-DC46-43D8-830D-F524C27E9E5F}.Debug|x64.ActiveCfg = Debug|Any CPU
		{288F0778-DC46-43D8-830D-F524C27E9E5F}.Debug|x64.Build.0 = Debug|Any CPU
		{288F0778-DC46-43D8-830D-F524C27E9E5F}.Debug|x86.ActiveCfg = Debug|Any CPU
		{288F0778-DC46-43D8-830D-F524C27E9E5F}.Debug|x86.Build.0 = Debug|Any CPU
		{288F0778-DC46-43D8-830D-F524C27E9E5F}.Release|Any CPU.ActiveCfg = Release|Any CPU
		{288F0778-DC46-43D8-830D-F524C27E9E5F}.Release|Any CPU.Build.0 = Release|Any CPU
		{288F0778-DC46-43D8-830D-F524C27E9E5F}.Release|x64.ActiveCfg = Release|Any CPU
		{288F0778-DC46-43D8-830D-F524C27E9E5F}.Release|x64.Build.0 = Release|Any CPU
		{288F0778-DC46-43D8-830D-F524C27E9E5F}.Release|x86.ActiveCfg = Release|Any CPU
		{288F0778-DC46-43D8-830D-F524C27E9E5F}.Release|x86.Build.0 = Release|Any CPU
		{2D0810B7-52DB-4DC5-845F-85CC59A940B3}.Debug|Any CPU.ActiveCfg = Debug|Any CPU
		{2D0810B7-52DB-4DC5-845F-85CC59A940B3}.Debug|Any CPU.Build.0 = Debug|Any CPU
		{2D0810B7-52DB-4DC5-845F-85CC59A940B3}.Debug|x64.ActiveCfg = Debug|Any CPU
		{2D0810B7-52DB-4DC5-845F-85CC59A940B3}.Debug|x64.Build.0 = Debug|Any CPU
		{2D0810B7-52DB-4DC5-845F-85CC59A940B3}.Debug|x86.ActiveCfg = Debug|Any CPU
		{2D0810B7-52DB-4DC5-845F-85CC59A940B3}.Debug|x86.Build.0 = Debug|Any CPU
		{2D0810B7-52DB-4DC5-845F-85CC59A940B3}.Release|Any CPU.ActiveCfg = Release|Any CPU
		{2D0810B7-52DB-4DC5-845F-85CC59A940B3}.Release|Any CPU.Build.0 = Release|Any CPU
		{2D0810B7-52DB-4DC5-845F-85CC59A940B3}.Release|x64.ActiveCfg = Release|Any CPU
		{2D0810B7-52DB-4DC5-845F-85CC59A940B3}.Release|x64.Build.0 = Release|Any CPU
		{2D0810B7-52DB-4DC5-845F-85CC59A940B3}.Release|x86.ActiveCfg = Release|Any CPU
		{2D0810B7-52DB-4DC5-845F-85CC59A940B3}.Release|x86.Build.0 = Release|Any CPU
		{90B0FA93-2F05-48F5-AEB0-56E7D28472DE}.Debug|Any CPU.ActiveCfg = Debug|Any CPU
		{90B0FA93-2F05-48F5-AEB0-56E7D28472DE}.Debug|Any CPU.Build.0 = Debug|Any CPU
		{90B0FA93-2F05-48F5-AEB0-56E7D28472DE}.Debug|x64.ActiveCfg = Debug|Any CPU
		{90B0FA93-2F05-48F5-AEB0-56E7D28472DE}.Debug|x64.Build.0 = Debug|Any CPU
		{90B0FA93-2F05-48F5-AEB0-56E7D28472DE}.Debug|x86.ActiveCfg = Debug|Any CPU
		{90B0FA93-2F05-48F5-AEB0-56E7D28472DE}.Debug|x86.Build.0 = Debug|Any CPU
		{90B0FA93-2F05-48F5-AEB0-56E7D28472DE}.Release|Any CPU.ActiveCfg = Release|Any CPU
		{90B0FA93-2F05-48F5-AEB0-56E7D28472DE}.Release|Any CPU.Build.0 = Release|Any CPU
		{90B0FA93-2F05-48F5-AEB0-56E7D28472DE}.Release|x64.ActiveCfg = Release|Any CPU
		{90B0FA93-2F05-48F5-AEB0-56E7D28472DE}.Release|x64.Build.0 = Release|Any CPU
		{90B0FA93-2F05-48F5-AEB0-56E7D28472DE}.Release|x86.ActiveCfg = Release|Any CPU
		{90B0FA93-2F05-48F5-AEB0-56E7D28472DE}.Release|x86.Build.0 = Release|Any CPU
		{187ACB4A-C47E-475E-8113-EB9E13483211}.Debug|Any CPU.ActiveCfg = Debug|Any CPU
		{187ACB4A-C47E-475E-8113-EB9E13483211}.Debug|Any CPU.Build.0 = Debug|Any CPU
		{187ACB4A-C47E-475E-8113-EB9E13483211}.Debug|x64.ActiveCfg = Debug|Any CPU
		{187ACB4A-C47E-475E-8113-EB9E13483211}.Debug|x64.Build.0 = Debug|Any CPU
		{187ACB4A-C47E-475E-8113-EB9E13483211}.Debug|x86.ActiveCfg = Debug|Any CPU
		{187ACB4A-C47E-475E-8113-EB9E13483211}.Debug|x86.Build.0 = Debug|Any CPU
		{187ACB4A-C47E-475E-8113-EB9E13483211}.Release|Any CPU.ActiveCfg = Release|Any CPU
		{187ACB4A-C47E-475E-8113-EB9E13483211}.Release|Any CPU.Build.0 = Release|Any CPU
		{187ACB4A-C47E-475E-8113-EB9E13483211}.Release|x64.ActiveCfg = Release|Any CPU
		{187ACB4A-C47E-475E-8113-EB9E13483211}.Release|x64.Build.0 = Release|Any CPU
		{187ACB4A-C47E-475E-8113-EB9E13483211}.Release|x86.ActiveCfg = Release|Any CPU
		{187ACB4A-C47E-475E-8113-EB9E13483211}.Release|x86.Build.0 = Release|Any CPU
		{C8CDC32E-7F12-4B60-97FD-88A0C3EF8FC5}.Debug|Any CPU.ActiveCfg = Debug|Any CPU
		{C8CDC32E-7F12-4B60-97FD-88A0C3EF8FC5}.Debug|Any CPU.Build.0 = Debug|Any CPU
		{C8CDC32E-7F12-4B60-97FD-88A0C3EF8FC5}.Debug|x64.ActiveCfg = Debug|Any CPU
		{C8CDC32E-7F12-4B60-97FD-88A0C3EF8FC5}.Debug|x64.Build.0 = Debug|Any CPU
		{C8CDC32E-7F12-4B60-97FD-88A0C3EF8FC5}.Debug|x86.ActiveCfg = Debug|Any CPU
		{C8CDC32E-7F12-4B60-97FD-88A0C3EF8FC5}.Debug|x86.Build.0 = Debug|Any CPU
		{C8CDC32E-7F12-4B60-97FD-88A0C3EF8FC5}.Release|Any CPU.ActiveCfg = Release|Any CPU
		{C8CDC32E-7F12-4B60-97FD-88A0C3EF8FC5}.Release|Any CPU.Build.0 = Release|Any CPU
		{C8CDC32E-7F12-4B60-97FD-88A0C3EF8FC5}.Release|x64.ActiveCfg = Release|Any CPU
		{C8CDC32E-7F12-4B60-97FD-88A0C3EF8FC5}.Release|x64.Build.0 = Release|Any CPU
		{C8CDC32E-7F12-4B60-97FD-88A0C3EF8FC5}.Release|x86.ActiveCfg = Release|Any CPU
		{C8CDC32E-7F12-4B60-97FD-88A0C3EF8FC5}.Release|x86.Build.0 = Release|Any CPU
		{2580601C-084B-5F6C-86E8-03057B60BAFA}.Debug|Any CPU.ActiveCfg = Debug|Any CPU
		{2580601C-084B-5F6C-86E8-03057B60BAFA}.Debug|Any CPU.Build.0 = Debug|Any CPU
		{2580601C-084B-5F6C-86E8-03057B60BAFA}.Debug|x64.ActiveCfg = Debug|Any CPU
		{2580601C-084B-5F6C-86E8-03057B60BAFA}.Debug|x64.Build.0 = Debug|Any CPU
		{2580601C-084B-5F6C-86E8-03057B60BAFA}.Debug|x86.ActiveCfg = Debug|Any CPU
		{2580601C-084B-5F6C-86E8-03057B60BAFA}.Debug|x86.Build.0 = Debug|Any CPU
		{2580601C-084B-5F6C-86E8-03057B60BAFA}.Release|Any CPU.ActiveCfg = Release|Any CPU
		{2580601C-084B-5F6C-86E8-03057B60BAFA}.Release|Any CPU.Build.0 = Release|Any CPU
		{2580601C-084B-5F6C-86E8-03057B60BAFA}.Release|x64.ActiveCfg = Release|Any CPU
		{2580601C-084B-5F6C-86E8-03057B60BAFA}.Release|x64.Build.0 = Release|Any CPU
		{2580601C-084B-5F6C-86E8-03057B60BAFA}.Release|x86.ActiveCfg = Release|Any CPU
		{2580601C-084B-5F6C-86E8-03057B60BAFA}.Release|x86.Build.0 = Release|Any CPU
		{24F13AF0-4CFE-953B-C957-1F958B6CB129}.Debug|Any CPU.ActiveCfg = Debug|Any CPU
		{24F13AF0-4CFE-953B-C957-1F958B6CB129}.Debug|Any CPU.Build.0 = Debug|Any CPU
		{24F13AF0-4CFE-953B-C957-1F958B6CB129}.Debug|x64.ActiveCfg = Debug|Any CPU
		{24F13AF0-4CFE-953B-C957-1F958B6CB129}.Debug|x64.Build.0 = Debug|Any CPU
		{24F13AF0-4CFE-953B-C957-1F958B6CB129}.Debug|x86.ActiveCfg = Debug|Any CPU
		{24F13AF0-4CFE-953B-C957-1F958B6CB129}.Debug|x86.Build.0 = Debug|Any CPU
		{24F13AF0-4CFE-953B-C957-1F958B6CB129}.Release|Any CPU.ActiveCfg = Release|Any CPU
		{24F13AF0-4CFE-953B-C957-1F958B6CB129}.Release|Any CPU.Build.0 = Release|Any CPU
		{24F13AF0-4CFE-953B-C957-1F958B6CB129}.Release|x64.ActiveCfg = Release|Any CPU
		{24F13AF0-4CFE-953B-C957-1F958B6CB129}.Release|x64.Build.0 = Release|Any CPU
		{24F13AF0-4CFE-953B-C957-1F958B6CB129}.Release|x86.ActiveCfg = Release|Any CPU
		{24F13AF0-4CFE-953B-C957-1F958B6CB129}.Release|x86.Build.0 = Release|Any CPU
		{AEB59FB8-5AAE-F6F2-E04B-0C8BAB3C3EB9}.Debug|Any CPU.ActiveCfg = Debug|Any CPU
		{AEB59FB8-5AAE-F6F2-E04B-0C8BAB3C3EB9}.Debug|Any CPU.Build.0 = Debug|Any CPU
		{AEB59FB8-5AAE-F6F2-E04B-0C8BAB3C3EB9}.Debug|x64.ActiveCfg = Debug|Any CPU
		{AEB59FB8-5AAE-F6F2-E04B-0C8BAB3C3EB9}.Debug|x64.Build.0 = Debug|Any CPU
		{AEB59FB8-5AAE-F6F2-E04B-0C8BAB3C3EB9}.Debug|x86.ActiveCfg = Debug|Any CPU
		{AEB59FB8-5AAE-F6F2-E04B-0C8BAB3C3EB9}.Debug|x86.Build.0 = Debug|Any CPU
		{AEB59FB8-5AAE-F6F2-E04B-0C8BAB3C3EB9}.Release|Any CPU.ActiveCfg = Release|Any CPU
		{AEB59FB8-5AAE-F6F2-E04B-0C8BAB3C3EB9}.Release|Any CPU.Build.0 = Release|Any CPU
		{AEB59FB8-5AAE-F6F2-E04B-0C8BAB3C3EB9}.Release|x64.ActiveCfg = Release|Any CPU
		{AEB59FB8-5AAE-F6F2-E04B-0C8BAB3C3EB9}.Release|x64.Build.0 = Release|Any CPU
		{AEB59FB8-5AAE-F6F2-E04B-0C8BAB3C3EB9}.Release|x86.ActiveCfg = Release|Any CPU
		{AEB59FB8-5AAE-F6F2-E04B-0C8BAB3C3EB9}.Release|x86.Build.0 = Release|Any CPU
		{8BD04B03-4BA2-AC96-F3E4-9824932D8A78}.Debug|Any CPU.ActiveCfg = Debug|Any CPU
		{8BD04B03-4BA2-AC96-F3E4-9824932D8A78}.Debug|Any CPU.Build.0 = Debug|Any CPU
		{8BD04B03-4BA2-AC96-F3E4-9824932D8A78}.Debug|x64.ActiveCfg = Debug|Any CPU
		{8BD04B03-4BA2-AC96-F3E4-9824932D8A78}.Debug|x64.Build.0 = Debug|Any CPU
		{8BD04B03-4BA2-AC96-F3E4-9824932D8A78}.Debug|x86.ActiveCfg = Debug|Any CPU
		{8BD04B03-4BA2-AC96-F3E4-9824932D8A78}.Debug|x86.Build.0 = Debug|Any CPU
		{8BD04B03-4BA2-AC96-F3E4-9824932D8A78}.Release|Any CPU.ActiveCfg = Release|Any CPU
		{8BD04B03-4BA2-AC96-F3E4-9824932D8A78}.Release|Any CPU.Build.0 = Release|Any CPU
		{8BD04B03-4BA2-AC96-F3E4-9824932D8A78}.Release|x64.ActiveCfg = Release|Any CPU
		{8BD04B03-4BA2-AC96-F3E4-9824932D8A78}.Release|x64.Build.0 = Release|Any CPU
		{8BD04B03-4BA2-AC96-F3E4-9824932D8A78}.Release|x86.ActiveCfg = Release|Any CPU
		{8BD04B03-4BA2-AC96-F3E4-9824932D8A78}.Release|x86.Build.0 = Release|Any CPU
		{FF775772-6629-20D2-9CAD-70A393729C94}.Debug|Any CPU.ActiveCfg = Debug|Any CPU
		{FF775772-6629-20D2-9CAD-70A393729C94}.Debug|Any CPU.Build.0 = Debug|Any CPU
		{FF775772-6629-20D2-9CAD-70A393729C94}.Debug|x64.ActiveCfg = Debug|Any CPU
		{FF775772-6629-20D2-9CAD-70A393729C94}.Debug|x64.Build.0 = Debug|Any CPU
		{FF775772-6629-20D2-9CAD-70A393729C94}.Debug|x86.ActiveCfg = Debug|Any CPU
		{FF775772-6629-20D2-9CAD-70A393729C94}.Debug|x86.Build.0 = Debug|Any CPU
		{FF775772-6629-20D2-9CAD-70A393729C94}.Release|Any CPU.ActiveCfg = Release|Any CPU
		{FF775772-6629-20D2-9CAD-70A393729C94}.Release|Any CPU.Build.0 = Release|Any CPU
		{FF775772-6629-20D2-9CAD-70A393729C94}.Release|x64.ActiveCfg = Release|Any CPU
		{FF775772-6629-20D2-9CAD-70A393729C94}.Release|x64.Build.0 = Release|Any CPU
		{FF775772-6629-20D2-9CAD-70A393729C94}.Release|x86.ActiveCfg = Release|Any CPU
		{FF775772-6629-20D2-9CAD-70A393729C94}.Release|x86.Build.0 = Release|Any CPU
		{4B5768B0-F6DE-EEAE-086C-815FBD704E76}.Debug|Any CPU.ActiveCfg = Debug|Any CPU
		{4B5768B0-F6DE-EEAE-086C-815FBD704E76}.Debug|Any CPU.Build.0 = Debug|Any CPU
		{4B5768B0-F6DE-EEAE-086C-815FBD704E76}.Debug|x64.ActiveCfg = Debug|Any CPU
		{4B5768B0-F6DE-EEAE-086C-815FBD704E76}.Debug|x64.Build.0 = Debug|Any CPU
		{4B5768B0-F6DE-EEAE-086C-815FBD704E76}.Debug|x86.ActiveCfg = Debug|Any CPU
		{4B5768B0-F6DE-EEAE-086C-815FBD704E76}.Debug|x86.Build.0 = Debug|Any CPU
		{4B5768B0-F6DE-EEAE-086C-815FBD704E76}.Release|Any CPU.ActiveCfg = Release|Any CPU
		{4B5768B0-F6DE-EEAE-086C-815FBD704E76}.Release|Any CPU.Build.0 = Release|Any CPU
		{4B5768B0-F6DE-EEAE-086C-815FBD704E76}.Release|x64.ActiveCfg = Release|Any CPU
		{4B5768B0-F6DE-EEAE-086C-815FBD704E76}.Release|x64.Build.0 = Release|Any CPU
		{4B5768B0-F6DE-EEAE-086C-815FBD704E76}.Release|x86.ActiveCfg = Release|Any CPU
		{4B5768B0-F6DE-EEAE-086C-815FBD704E76}.Release|x86.Build.0 = Release|Any CPU
		{59622D02-747D-435C-B9C9-09EC10767157}.Debug|Any CPU.ActiveCfg = Debug|Any CPU
		{59622D02-747D-435C-B9C9-09EC10767157}.Debug|Any CPU.Build.0 = Debug|Any CPU
		{59622D02-747D-435C-B9C9-09EC10767157}.Debug|x64.ActiveCfg = Debug|Any CPU
		{59622D02-747D-435C-B9C9-09EC10767157}.Debug|x64.Build.0 = Debug|Any CPU
		{59622D02-747D-435C-B9C9-09EC10767157}.Debug|x86.ActiveCfg = Debug|Any CPU
		{59622D02-747D-435C-B9C9-09EC10767157}.Debug|x86.Build.0 = Debug|Any CPU
		{59622D02-747D-435C-B9C9-09EC10767157}.Release|Any CPU.ActiveCfg = Release|Any CPU
		{59622D02-747D-435C-B9C9-09EC10767157}.Release|Any CPU.Build.0 = Release|Any CPU
		{59622D02-747D-435C-B9C9-09EC10767157}.Release|x64.ActiveCfg = Release|Any CPU
		{59622D02-747D-435C-B9C9-09EC10767157}.Release|x64.Build.0 = Release|Any CPU
		{59622D02-747D-435C-B9C9-09EC10767157}.Release|x86.ActiveCfg = Release|Any CPU
		{59622D02-747D-435C-B9C9-09EC10767157}.Release|x86.Build.0 = Release|Any CPU
		{C608414D-D85F-4293-9FB6-FCE4C2642A9F}.Debug|Any CPU.ActiveCfg = Debug|Any CPU
		{C608414D-D85F-4293-9FB6-FCE4C2642A9F}.Debug|Any CPU.Build.0 = Debug|Any CPU
		{C608414D-D85F-4293-9FB6-FCE4C2642A9F}.Debug|x64.ActiveCfg = Debug|Any CPU
		{C608414D-D85F-4293-9FB6-FCE4C2642A9F}.Debug|x64.Build.0 = Debug|Any CPU
		{C608414D-D85F-4293-9FB6-FCE4C2642A9F}.Debug|x86.ActiveCfg = Debug|Any CPU
		{C608414D-D85F-4293-9FB6-FCE4C2642A9F}.Debug|x86.Build.0 = Debug|Any CPU
		{C608414D-D85F-4293-9FB6-FCE4C2642A9F}.Release|Any CPU.ActiveCfg = Release|Any CPU
		{C608414D-D85F-4293-9FB6-FCE4C2642A9F}.Release|Any CPU.Build.0 = Release|Any CPU
		{C608414D-D85F-4293-9FB6-FCE4C2642A9F}.Release|x64.ActiveCfg = Release|Any CPU
		{C608414D-D85F-4293-9FB6-FCE4C2642A9F}.Release|x64.Build.0 = Release|Any CPU
		{C608414D-D85F-4293-9FB6-FCE4C2642A9F}.Release|x86.ActiveCfg = Release|Any CPU
		{C608414D-D85F-4293-9FB6-FCE4C2642A9F}.Release|x86.Build.0 = Release|Any CPU
		{331F3A56-7D6C-4AE5-99E5-603BA41BCD14}.Debug|Any CPU.ActiveCfg = Debug|Any CPU
		{331F3A56-7D6C-4AE5-99E5-603BA41BCD14}.Debug|Any CPU.Build.0 = Debug|Any CPU
		{331F3A56-7D6C-4AE5-99E5-603BA41BCD14}.Debug|x64.ActiveCfg = Debug|Any CPU
		{331F3A56-7D6C-4AE5-99E5-603BA41BCD14}.Debug|x64.Build.0 = Debug|Any CPU
		{331F3A56-7D6C-4AE5-99E5-603BA41BCD14}.Debug|x86.ActiveCfg = Debug|Any CPU
		{331F3A56-7D6C-4AE5-99E5-603BA41BCD14}.Debug|x86.Build.0 = Debug|Any CPU
		{331F3A56-7D6C-4AE5-99E5-603BA41BCD14}.Release|Any CPU.ActiveCfg = Release|Any CPU
		{331F3A56-7D6C-4AE5-99E5-603BA41BCD14}.Release|Any CPU.Build.0 = Release|Any CPU
		{331F3A56-7D6C-4AE5-99E5-603BA41BCD14}.Release|x64.ActiveCfg = Release|Any CPU
		{331F3A56-7D6C-4AE5-99E5-603BA41BCD14}.Release|x64.Build.0 = Release|Any CPU
		{331F3A56-7D6C-4AE5-99E5-603BA41BCD14}.Release|x86.ActiveCfg = Release|Any CPU
		{331F3A56-7D6C-4AE5-99E5-603BA41BCD14}.Release|x86.Build.0 = Release|Any CPU
		{66BC0E25-A3AE-4E25-A067-600AC1818CE9}.Debug|Any CPU.ActiveCfg = Debug|Any CPU
		{66BC0E25-A3AE-4E25-A067-600AC1818CE9}.Debug|Any CPU.Build.0 = Debug|Any CPU
		{66BC0E25-A3AE-4E25-A067-600AC1818CE9}.Debug|x64.ActiveCfg = Debug|Any CPU
		{66BC0E25-A3AE-4E25-A067-600AC1818CE9}.Debug|x64.Build.0 = Debug|Any CPU
		{66BC0E25-A3AE-4E25-A067-600AC1818CE9}.Debug|x86.ActiveCfg = Debug|Any CPU
		{66BC0E25-A3AE-4E25-A067-600AC1818CE9}.Debug|x86.Build.0 = Debug|Any CPU
		{66BC0E25-A3AE-4E25-A067-600AC1818CE9}.Release|Any CPU.ActiveCfg = Release|Any CPU
		{66BC0E25-A3AE-4E25-A067-600AC1818CE9}.Release|Any CPU.Build.0 = Release|Any CPU
		{66BC0E25-A3AE-4E25-A067-600AC1818CE9}.Release|x64.ActiveCfg = Release|Any CPU
		{66BC0E25-A3AE-4E25-A067-600AC1818CE9}.Release|x64.Build.0 = Release|Any CPU
		{66BC0E25-A3AE-4E25-A067-600AC1818CE9}.Release|x86.ActiveCfg = Release|Any CPU
		{66BC0E25-A3AE-4E25-A067-600AC1818CE9}.Release|x86.Build.0 = Release|Any CPU
		{5A931FCB-F513-1893-AB4A-7A1E2FE5801B}.Debug|Any CPU.ActiveCfg = Debug|Any CPU
		{5A931FCB-F513-1893-AB4A-7A1E2FE5801B}.Debug|Any CPU.Build.0 = Debug|Any CPU
		{5A931FCB-F513-1893-AB4A-7A1E2FE5801B}.Debug|x64.ActiveCfg = Debug|Any CPU
		{5A931FCB-F513-1893-AB4A-7A1E2FE5801B}.Debug|x64.Build.0 = Debug|Any CPU
		{5A931FCB-F513-1893-AB4A-7A1E2FE5801B}.Debug|x86.ActiveCfg = Debug|Any CPU
		{5A931FCB-F513-1893-AB4A-7A1E2FE5801B}.Debug|x86.Build.0 = Debug|Any CPU
		{5A931FCB-F513-1893-AB4A-7A1E2FE5801B}.Release|Any CPU.ActiveCfg = Release|Any CPU
		{5A931FCB-F513-1893-AB4A-7A1E2FE5801B}.Release|Any CPU.Build.0 = Release|Any CPU
		{5A931FCB-F513-1893-AB4A-7A1E2FE5801B}.Release|x64.ActiveCfg = Release|Any CPU
		{5A931FCB-F513-1893-AB4A-7A1E2FE5801B}.Release|x64.Build.0 = Release|Any CPU
		{5A931FCB-F513-1893-AB4A-7A1E2FE5801B}.Release|x86.ActiveCfg = Release|Any CPU
		{5A931FCB-F513-1893-AB4A-7A1E2FE5801B}.Release|x86.Build.0 = Release|Any CPU
		{4B3903D6-AFDA-4C50-8216-DF7343C88C3E}.Debug|Any CPU.ActiveCfg = Debug|Any CPU
		{4B3903D6-AFDA-4C50-8216-DF7343C88C3E}.Debug|Any CPU.Build.0 = Debug|Any CPU
		{4B3903D6-AFDA-4C50-8216-DF7343C88C3E}.Debug|x64.ActiveCfg = Debug|Any CPU
		{4B3903D6-AFDA-4C50-8216-DF7343C88C3E}.Debug|x64.Build.0 = Debug|Any CPU
		{4B3903D6-AFDA-4C50-8216-DF7343C88C3E}.Debug|x86.ActiveCfg = Debug|Any CPU
		{4B3903D6-AFDA-4C50-8216-DF7343C88C3E}.Debug|x86.Build.0 = Debug|Any CPU
		{4B3903D6-AFDA-4C50-8216-DF7343C88C3E}.Release|Any CPU.ActiveCfg = Release|Any CPU
		{4B3903D6-AFDA-4C50-8216-DF7343C88C3E}.Release|Any CPU.Build.0 = Release|Any CPU
		{4B3903D6-AFDA-4C50-8216-DF7343C88C3E}.Release|x64.ActiveCfg = Release|Any CPU
		{4B3903D6-AFDA-4C50-8216-DF7343C88C3E}.Release|x64.Build.0 = Release|Any CPU
		{4B3903D6-AFDA-4C50-8216-DF7343C88C3E}.Release|x86.ActiveCfg = Release|Any CPU
		{4B3903D6-AFDA-4C50-8216-DF7343C88C3E}.Release|x86.Build.0 = Release|Any CPU
		{30B1C803-8A2F-4F1C-8A21-51915F53CA19}.Debug|Any CPU.ActiveCfg = Debug|Any CPU
		{30B1C803-8A2F-4F1C-8A21-51915F53CA19}.Debug|Any CPU.Build.0 = Debug|Any CPU
		{30B1C803-8A2F-4F1C-8A21-51915F53CA19}.Debug|x64.ActiveCfg = Debug|Any CPU
		{30B1C803-8A2F-4F1C-8A21-51915F53CA19}.Debug|x64.Build.0 = Debug|Any CPU
		{30B1C803-8A2F-4F1C-8A21-51915F53CA19}.Debug|x86.ActiveCfg = Debug|Any CPU
		{30B1C803-8A2F-4F1C-8A21-51915F53CA19}.Debug|x86.Build.0 = Debug|Any CPU
		{30B1C803-8A2F-4F1C-8A21-51915F53CA19}.Release|Any CPU.ActiveCfg = Release|Any CPU
		{30B1C803-8A2F-4F1C-8A21-51915F53CA19}.Release|Any CPU.Build.0 = Release|Any CPU
		{30B1C803-8A2F-4F1C-8A21-51915F53CA19}.Release|x64.ActiveCfg = Release|Any CPU
		{30B1C803-8A2F-4F1C-8A21-51915F53CA19}.Release|x64.Build.0 = Release|Any CPU
		{30B1C803-8A2F-4F1C-8A21-51915F53CA19}.Release|x86.ActiveCfg = Release|Any CPU
		{30B1C803-8A2F-4F1C-8A21-51915F53CA19}.Release|x86.Build.0 = Release|Any CPU
		{89C8CAAC-35B8-491E-9C07-266DF5DBD3A3}.Debug|Any CPU.ActiveCfg = Debug|Any CPU
		{89C8CAAC-35B8-491E-9C07-266DF5DBD3A3}.Debug|Any CPU.Build.0 = Debug|Any CPU
		{89C8CAAC-35B8-491E-9C07-266DF5DBD3A3}.Debug|x64.ActiveCfg = Debug|Any CPU
		{89C8CAAC-35B8-491E-9C07-266DF5DBD3A3}.Debug|x64.Build.0 = Debug|Any CPU
		{89C8CAAC-35B8-491E-9C07-266DF5DBD3A3}.Debug|x86.ActiveCfg = Debug|Any CPU
		{89C8CAAC-35B8-491E-9C07-266DF5DBD3A3}.Debug|x86.Build.0 = Debug|Any CPU
		{89C8CAAC-35B8-491E-9C07-266DF5DBD3A3}.Release|Any CPU.ActiveCfg = Release|Any CPU
		{89C8CAAC-35B8-491E-9C07-266DF5DBD3A3}.Release|Any CPU.Build.0 = Release|Any CPU
		{89C8CAAC-35B8-491E-9C07-266DF5DBD3A3}.Release|x64.ActiveCfg = Release|Any CPU
		{89C8CAAC-35B8-491E-9C07-266DF5DBD3A3}.Release|x64.Build.0 = Release|Any CPU
		{89C8CAAC-35B8-491E-9C07-266DF5DBD3A3}.Release|x86.ActiveCfg = Release|Any CPU
		{89C8CAAC-35B8-491E-9C07-266DF5DBD3A3}.Release|x86.Build.0 = Release|Any CPU
		{F39CE562-ED7B-4974-B8B8-C7B40AD62E93}.Debug|Any CPU.ActiveCfg = Debug|Any CPU
		{F39CE562-ED7B-4974-B8B8-C7B40AD62E93}.Debug|Any CPU.Build.0 = Debug|Any CPU
		{F39CE562-ED7B-4974-B8B8-C7B40AD62E93}.Debug|x64.ActiveCfg = Debug|Any CPU
		{F39CE562-ED7B-4974-B8B8-C7B40AD62E93}.Debug|x64.Build.0 = Debug|Any CPU
		{F39CE562-ED7B-4974-B8B8-C7B40AD62E93}.Debug|x86.ActiveCfg = Debug|Any CPU
		{F39CE562-ED7B-4974-B8B8-C7B40AD62E93}.Debug|x86.Build.0 = Debug|Any CPU
		{F39CE562-ED7B-4974-B8B8-C7B40AD62E93}.Release|Any CPU.ActiveCfg = Release|Any CPU
		{F39CE562-ED7B-4974-B8B8-C7B40AD62E93}.Release|Any CPU.Build.0 = Release|Any CPU
		{F39CE562-ED7B-4974-B8B8-C7B40AD62E93}.Release|x64.ActiveCfg = Release|Any CPU
		{F39CE562-ED7B-4974-B8B8-C7B40AD62E93}.Release|x64.Build.0 = Release|Any CPU
		{F39CE562-ED7B-4974-B8B8-C7B40AD62E93}.Release|x86.ActiveCfg = Release|Any CPU
		{F39CE562-ED7B-4974-B8B8-C7B40AD62E93}.Release|x86.Build.0 = Release|Any CPU
		{1A81342A-5F5B-43D9-97B5-B07DABC61958}.Debug|Any CPU.ActiveCfg = Debug|Any CPU
		{1A81342A-5F5B-43D9-97B5-B07DABC61958}.Debug|Any CPU.Build.0 = Debug|Any CPU
		{1A81342A-5F5B-43D9-97B5-B07DABC61958}.Debug|x64.ActiveCfg = Debug|Any CPU
		{1A81342A-5F5B-43D9-97B5-B07DABC61958}.Debug|x64.Build.0 = Debug|Any CPU
		{1A81342A-5F5B-43D9-97B5-B07DABC61958}.Debug|x86.ActiveCfg = Debug|Any CPU
		{1A81342A-5F5B-43D9-97B5-B07DABC61958}.Debug|x86.Build.0 = Debug|Any CPU
		{1A81342A-5F5B-43D9-97B5-B07DABC61958}.Release|Any CPU.ActiveCfg = Release|Any CPU
		{1A81342A-5F5B-43D9-97B5-B07DABC61958}.Release|Any CPU.Build.0 = Release|Any CPU
		{1A81342A-5F5B-43D9-97B5-B07DABC61958}.Release|x64.ActiveCfg = Release|Any CPU
		{1A81342A-5F5B-43D9-97B5-B07DABC61958}.Release|x64.Build.0 = Release|Any CPU
		{1A81342A-5F5B-43D9-97B5-B07DABC61958}.Release|x86.ActiveCfg = Release|Any CPU
		{1A81342A-5F5B-43D9-97B5-B07DABC61958}.Release|x86.Build.0 = Release|Any CPU
		{1CCD917C-4124-4789-9894-25E901809A4D}.Debug|Any CPU.ActiveCfg = Debug|Any CPU
		{1CCD917C-4124-4789-9894-25E901809A4D}.Debug|Any CPU.Build.0 = Debug|Any CPU
		{1CCD917C-4124-4789-9894-25E901809A4D}.Debug|x64.ActiveCfg = Debug|Any CPU
		{1CCD917C-4124-4789-9894-25E901809A4D}.Debug|x64.Build.0 = Debug|Any CPU
		{1CCD917C-4124-4789-9894-25E901809A4D}.Debug|x86.ActiveCfg = Debug|Any CPU
		{1CCD917C-4124-4789-9894-25E901809A4D}.Debug|x86.Build.0 = Debug|Any CPU
		{1CCD917C-4124-4789-9894-25E901809A4D}.Release|Any CPU.ActiveCfg = Release|Any CPU
		{1CCD917C-4124-4789-9894-25E901809A4D}.Release|Any CPU.Build.0 = Release|Any CPU
		{1CCD917C-4124-4789-9894-25E901809A4D}.Release|x64.ActiveCfg = Release|Any CPU
		{1CCD917C-4124-4789-9894-25E901809A4D}.Release|x64.Build.0 = Release|Any CPU
		{1CCD917C-4124-4789-9894-25E901809A4D}.Release|x86.ActiveCfg = Release|Any CPU
		{1CCD917C-4124-4789-9894-25E901809A4D}.Release|x86.Build.0 = Release|Any CPU
		{23CA3F2C-A507-4A58-BA53-D5BF0665AC9F}.Debug|Any CPU.ActiveCfg = Debug|Any CPU
		{23CA3F2C-A507-4A58-BA53-D5BF0665AC9F}.Debug|Any CPU.Build.0 = Debug|Any CPU
		{23CA3F2C-A507-4A58-BA53-D5BF0665AC9F}.Debug|x64.ActiveCfg = Debug|Any CPU
		{23CA3F2C-A507-4A58-BA53-D5BF0665AC9F}.Debug|x64.Build.0 = Debug|Any CPU
		{23CA3F2C-A507-4A58-BA53-D5BF0665AC9F}.Debug|x86.ActiveCfg = Debug|Any CPU
		{23CA3F2C-A507-4A58-BA53-D5BF0665AC9F}.Debug|x86.Build.0 = Debug|Any CPU
		{23CA3F2C-A507-4A58-BA53-D5BF0665AC9F}.Release|Any CPU.ActiveCfg = Release|Any CPU
		{23CA3F2C-A507-4A58-BA53-D5BF0665AC9F}.Release|Any CPU.Build.0 = Release|Any CPU
		{23CA3F2C-A507-4A58-BA53-D5BF0665AC9F}.Release|x64.ActiveCfg = Release|Any CPU
		{23CA3F2C-A507-4A58-BA53-D5BF0665AC9F}.Release|x64.Build.0 = Release|Any CPU
		{23CA3F2C-A507-4A58-BA53-D5BF0665AC9F}.Release|x86.ActiveCfg = Release|Any CPU
		{23CA3F2C-A507-4A58-BA53-D5BF0665AC9F}.Release|x86.Build.0 = Release|Any CPU
		{53C305DE-29F5-4E17-BE2B-2252B5C0DE85}.Debug|Any CPU.ActiveCfg = Debug|Any CPU
		{53C305DE-29F5-4E17-BE2B-2252B5C0DE85}.Debug|Any CPU.Build.0 = Debug|Any CPU
		{53C305DE-29F5-4E17-BE2B-2252B5C0DE85}.Debug|x64.ActiveCfg = Debug|Any CPU
		{53C305DE-29F5-4E17-BE2B-2252B5C0DE85}.Debug|x64.Build.0 = Debug|Any CPU
		{53C305DE-29F5-4E17-BE2B-2252B5C0DE85}.Debug|x86.ActiveCfg = Debug|Any CPU
		{53C305DE-29F5-4E17-BE2B-2252B5C0DE85}.Debug|x86.Build.0 = Debug|Any CPU
		{53C305DE-29F5-4E17-BE2B-2252B5C0DE85}.Release|Any CPU.ActiveCfg = Release|Any CPU
		{53C305DE-29F5-4E17-BE2B-2252B5C0DE85}.Release|Any CPU.Build.0 = Release|Any CPU
		{53C305DE-29F5-4E17-BE2B-2252B5C0DE85}.Release|x64.ActiveCfg = Release|Any CPU
		{53C305DE-29F5-4E17-BE2B-2252B5C0DE85}.Release|x64.Build.0 = Release|Any CPU
		{53C305DE-29F5-4E17-BE2B-2252B5C0DE85}.Release|x86.ActiveCfg = Release|Any CPU
		{53C305DE-29F5-4E17-BE2B-2252B5C0DE85}.Release|x86.Build.0 = Release|Any CPU
		{63C5DE3E-2517-4376-B124-4EE93088C5DC}.Debug|Any CPU.ActiveCfg = Debug|Any CPU
		{63C5DE3E-2517-4376-B124-4EE93088C5DC}.Debug|Any CPU.Build.0 = Debug|Any CPU
		{63C5DE3E-2517-4376-B124-4EE93088C5DC}.Debug|x64.ActiveCfg = Debug|Any CPU
		{63C5DE3E-2517-4376-B124-4EE93088C5DC}.Debug|x64.Build.0 = Debug|Any CPU
		{63C5DE3E-2517-4376-B124-4EE93088C5DC}.Debug|x86.ActiveCfg = Debug|Any CPU
		{63C5DE3E-2517-4376-B124-4EE93088C5DC}.Debug|x86.Build.0 = Debug|Any CPU
		{63C5DE3E-2517-4376-B124-4EE93088C5DC}.Release|Any CPU.ActiveCfg = Release|Any CPU
		{63C5DE3E-2517-4376-B124-4EE93088C5DC}.Release|Any CPU.Build.0 = Release|Any CPU
		{63C5DE3E-2517-4376-B124-4EE93088C5DC}.Release|x64.ActiveCfg = Release|Any CPU
		{63C5DE3E-2517-4376-B124-4EE93088C5DC}.Release|x64.Build.0 = Release|Any CPU
		{63C5DE3E-2517-4376-B124-4EE93088C5DC}.Release|x86.ActiveCfg = Release|Any CPU
		{63C5DE3E-2517-4376-B124-4EE93088C5DC}.Release|x86.Build.0 = Release|Any CPU
		{F1881E1C-2535-4BA4-AD75-25A14EC9C89D}.Debug|Any CPU.ActiveCfg = Debug|Any CPU
		{F1881E1C-2535-4BA4-AD75-25A14EC9C89D}.Debug|Any CPU.Build.0 = Debug|Any CPU
		{F1881E1C-2535-4BA4-AD75-25A14EC9C89D}.Debug|x64.ActiveCfg = Debug|Any CPU
		{F1881E1C-2535-4BA4-AD75-25A14EC9C89D}.Debug|x64.Build.0 = Debug|Any CPU
		{F1881E1C-2535-4BA4-AD75-25A14EC9C89D}.Debug|x86.ActiveCfg = Debug|Any CPU
		{F1881E1C-2535-4BA4-AD75-25A14EC9C89D}.Debug|x86.Build.0 = Debug|Any CPU
		{F1881E1C-2535-4BA4-AD75-25A14EC9C89D}.Release|Any CPU.ActiveCfg = Release|Any CPU
		{F1881E1C-2535-4BA4-AD75-25A14EC9C89D}.Release|Any CPU.Build.0 = Release|Any CPU
		{F1881E1C-2535-4BA4-AD75-25A14EC9C89D}.Release|x64.ActiveCfg = Release|Any CPU
		{F1881E1C-2535-4BA4-AD75-25A14EC9C89D}.Release|x64.Build.0 = Release|Any CPU
		{F1881E1C-2535-4BA4-AD75-25A14EC9C89D}.Release|x86.ActiveCfg = Release|Any CPU
		{F1881E1C-2535-4BA4-AD75-25A14EC9C89D}.Release|x86.Build.0 = Release|Any CPU
		{9F2ED281-A41B-4D13-986F-F683CB0A016C}.Debug|Any CPU.ActiveCfg = Debug|Any CPU
		{9F2ED281-A41B-4D13-986F-F683CB0A016C}.Debug|Any CPU.Build.0 = Debug|Any CPU
		{9F2ED281-A41B-4D13-986F-F683CB0A016C}.Debug|x64.ActiveCfg = Debug|Any CPU
		{9F2ED281-A41B-4D13-986F-F683CB0A016C}.Debug|x64.Build.0 = Debug|Any CPU
		{9F2ED281-A41B-4D13-986F-F683CB0A016C}.Debug|x86.ActiveCfg = Debug|Any CPU
		{9F2ED281-A41B-4D13-986F-F683CB0A016C}.Debug|x86.Build.0 = Debug|Any CPU
		{9F2ED281-A41B-4D13-986F-F683CB0A016C}.Release|Any CPU.ActiveCfg = Release|Any CPU
		{9F2ED281-A41B-4D13-986F-F683CB0A016C}.Release|Any CPU.Build.0 = Release|Any CPU
		{9F2ED281-A41B-4D13-986F-F683CB0A016C}.Release|x64.ActiveCfg = Release|Any CPU
		{9F2ED281-A41B-4D13-986F-F683CB0A016C}.Release|x64.Build.0 = Release|Any CPU
		{9F2ED281-A41B-4D13-986F-F683CB0A016C}.Release|x86.ActiveCfg = Release|Any CPU
		{9F2ED281-A41B-4D13-986F-F683CB0A016C}.Release|x86.Build.0 = Release|Any CPU
		{36FA6857-AF37-4E25-8632-2BECDF62B173}.Debug|Any CPU.ActiveCfg = Debug|Any CPU
		{36FA6857-AF37-4E25-8632-2BECDF62B173}.Debug|Any CPU.Build.0 = Debug|Any CPU
		{36FA6857-AF37-4E25-8632-2BECDF62B173}.Debug|x64.ActiveCfg = Debug|Any CPU
		{36FA6857-AF37-4E25-8632-2BECDF62B173}.Debug|x64.Build.0 = Debug|Any CPU
		{36FA6857-AF37-4E25-8632-2BECDF62B173}.Debug|x86.ActiveCfg = Debug|Any CPU
		{36FA6857-AF37-4E25-8632-2BECDF62B173}.Debug|x86.Build.0 = Debug|Any CPU
		{36FA6857-AF37-4E25-8632-2BECDF62B173}.Release|Any CPU.ActiveCfg = Release|Any CPU
		{36FA6857-AF37-4E25-8632-2BECDF62B173}.Release|Any CPU.Build.0 = Release|Any CPU
		{36FA6857-AF37-4E25-8632-2BECDF62B173}.Release|x64.ActiveCfg = Release|Any CPU
		{36FA6857-AF37-4E25-8632-2BECDF62B173}.Release|x64.Build.0 = Release|Any CPU
		{36FA6857-AF37-4E25-8632-2BECDF62B173}.Release|x86.ActiveCfg = Release|Any CPU
		{36FA6857-AF37-4E25-8632-2BECDF62B173}.Release|x86.Build.0 = Release|Any CPU
		{5D40F88B-A607-47C2-A4FB-3E5588763511}.Debug|Any CPU.ActiveCfg = Debug|Any CPU
		{5D40F88B-A607-47C2-A4FB-3E5588763511}.Debug|Any CPU.Build.0 = Debug|Any CPU
		{5D40F88B-A607-47C2-A4FB-3E5588763511}.Debug|x64.ActiveCfg = Debug|Any CPU
		{5D40F88B-A607-47C2-A4FB-3E5588763511}.Debug|x64.Build.0 = Debug|Any CPU
		{5D40F88B-A607-47C2-A4FB-3E5588763511}.Debug|x86.ActiveCfg = Debug|Any CPU
		{5D40F88B-A607-47C2-A4FB-3E5588763511}.Debug|x86.Build.0 = Debug|Any CPU
		{5D40F88B-A607-47C2-A4FB-3E5588763511}.Release|Any CPU.ActiveCfg = Release|Any CPU
		{5D40F88B-A607-47C2-A4FB-3E5588763511}.Release|Any CPU.Build.0 = Release|Any CPU
		{5D40F88B-A607-47C2-A4FB-3E5588763511}.Release|x64.ActiveCfg = Release|Any CPU
		{5D40F88B-A607-47C2-A4FB-3E5588763511}.Release|x64.Build.0 = Release|Any CPU
		{5D40F88B-A607-47C2-A4FB-3E5588763511}.Release|x86.ActiveCfg = Release|Any CPU
		{5D40F88B-A607-47C2-A4FB-3E5588763511}.Release|x86.Build.0 = Release|Any CPU
		{D2F84906-C736-4E93-96CE-6D4DFF2AF8A3}.Debug|Any CPU.ActiveCfg = Debug|Any CPU
		{D2F84906-C736-4E93-96CE-6D4DFF2AF8A3}.Debug|Any CPU.Build.0 = Debug|Any CPU
		{D2F84906-C736-4E93-96CE-6D4DFF2AF8A3}.Debug|x64.ActiveCfg = Debug|Any CPU
		{D2F84906-C736-4E93-96CE-6D4DFF2AF8A3}.Debug|x64.Build.0 = Debug|Any CPU
		{D2F84906-C736-4E93-96CE-6D4DFF2AF8A3}.Debug|x86.ActiveCfg = Debug|Any CPU
		{D2F84906-C736-4E93-96CE-6D4DFF2AF8A3}.Debug|x86.Build.0 = Debug|Any CPU
		{D2F84906-C736-4E93-96CE-6D4DFF2AF8A3}.Release|Any CPU.ActiveCfg = Release|Any CPU
		{D2F84906-C736-4E93-96CE-6D4DFF2AF8A3}.Release|Any CPU.Build.0 = Release|Any CPU
		{D2F84906-C736-4E93-96CE-6D4DFF2AF8A3}.Release|x64.ActiveCfg = Release|Any CPU
		{D2F84906-C736-4E93-96CE-6D4DFF2AF8A3}.Release|x64.Build.0 = Release|Any CPU
		{D2F84906-C736-4E93-96CE-6D4DFF2AF8A3}.Release|x86.ActiveCfg = Release|Any CPU
		{D2F84906-C736-4E93-96CE-6D4DFF2AF8A3}.Release|x86.Build.0 = Release|Any CPU
		{DACBD9E1-60BD-4996-BCE2-BCA8979AFABB}.Debug|Any CPU.ActiveCfg = Debug|Any CPU
		{DACBD9E1-60BD-4996-BCE2-BCA8979AFABB}.Debug|Any CPU.Build.0 = Debug|Any CPU
		{DACBD9E1-60BD-4996-BCE2-BCA8979AFABB}.Debug|x64.ActiveCfg = Debug|Any CPU
		{DACBD9E1-60BD-4996-BCE2-BCA8979AFABB}.Debug|x64.Build.0 = Debug|Any CPU
		{DACBD9E1-60BD-4996-BCE2-BCA8979AFABB}.Debug|x86.ActiveCfg = Debug|Any CPU
		{DACBD9E1-60BD-4996-BCE2-BCA8979AFABB}.Debug|x86.Build.0 = Debug|Any CPU
		{DACBD9E1-60BD-4996-BCE2-BCA8979AFABB}.Release|Any CPU.ActiveCfg = Release|Any CPU
		{DACBD9E1-60BD-4996-BCE2-BCA8979AFABB}.Release|Any CPU.Build.0 = Release|Any CPU
		{DACBD9E1-60BD-4996-BCE2-BCA8979AFABB}.Release|x64.ActiveCfg = Release|Any CPU
		{DACBD9E1-60BD-4996-BCE2-BCA8979AFABB}.Release|x64.Build.0 = Release|Any CPU
		{DACBD9E1-60BD-4996-BCE2-BCA8979AFABB}.Release|x86.ActiveCfg = Release|Any CPU
		{DACBD9E1-60BD-4996-BCE2-BCA8979AFABB}.Release|x86.Build.0 = Release|Any CPU
		{9A395FF7-7812-491A-A10B-8AC43BB664B2}.Debug|Any CPU.ActiveCfg = Debug|Any CPU
		{9A395FF7-7812-491A-A10B-8AC43BB664B2}.Debug|Any CPU.Build.0 = Debug|Any CPU
		{9A395FF7-7812-491A-A10B-8AC43BB664B2}.Debug|x64.ActiveCfg = Debug|Any CPU
		{9A395FF7-7812-491A-A10B-8AC43BB664B2}.Debug|x64.Build.0 = Debug|Any CPU
		{9A395FF7-7812-491A-A10B-8AC43BB664B2}.Debug|x86.ActiveCfg = Debug|Any CPU
		{9A395FF7-7812-491A-A10B-8AC43BB664B2}.Debug|x86.Build.0 = Debug|Any CPU
		{9A395FF7-7812-491A-A10B-8AC43BB664B2}.Release|Any CPU.ActiveCfg = Release|Any CPU
		{9A395FF7-7812-491A-A10B-8AC43BB664B2}.Release|Any CPU.Build.0 = Release|Any CPU
		{9A395FF7-7812-491A-A10B-8AC43BB664B2}.Release|x64.ActiveCfg = Release|Any CPU
		{9A395FF7-7812-491A-A10B-8AC43BB664B2}.Release|x64.Build.0 = Release|Any CPU
		{9A395FF7-7812-491A-A10B-8AC43BB664B2}.Release|x86.ActiveCfg = Release|Any CPU
		{9A395FF7-7812-491A-A10B-8AC43BB664B2}.Release|x86.Build.0 = Release|Any CPU
	EndGlobalSection
	GlobalSection(SolutionProperties) = preSolution
		HideSolutionNode = FALSE
	EndGlobalSection
	GlobalSection(NestedProjects) = preSolution
		{EC447DCF-ABFA-6E24-52A5-D7FD48A5C558} = {827E0CD3-B72D-47B6-A68D-7590B98EB39B}
		{D6D160DD-AE2A-0C32-F31B-9BD72717AAF2} = {EC447DCF-ABFA-6E24-52A5-D7FD48A5C558}
		{A45B9B3B-7744-41DB-A69B-2C7B9785674C} = {D6D160DD-AE2A-0C32-F31B-9BD72717AAF2}
		{39920659-30D0-4035-8FD5-19D89F966E14} = {D6D160DD-AE2A-0C32-F31B-9BD72717AAF2}
		{43D366DB-66C3-4051-B51C-E712ADF18213} = {D6D160DD-AE2A-0C32-F31B-9BD72717AAF2}
		{DFBFC4C1-687F-4AB0-84D3-A4D49CBE2915} = {D6D160DD-AE2A-0C32-F31B-9BD72717AAF2}
		{02EA681E-C7D8-13C7-8484-4AC65E1B71E8} = {EC447DCF-ABFA-6E24-52A5-D7FD48A5C558}
		{D13FB6AF-322A-4D07-A19C-8A7470D8B4DB} = {EC447DCF-ABFA-6E24-52A5-D7FD48A5C558}
		{04D282B5-641A-4BB0-8F7C-3087C5D6A435} = {EC447DCF-ABFA-6E24-52A5-D7FD48A5C558}
		{47E90D74-21F7-4CD2-BE8A-404695B17FB3} = {EC447DCF-ABFA-6E24-52A5-D7FD48A5C558}
		{BD767CDB-FC61-44B4-B407-8622849D486C} = {EC447DCF-ABFA-6E24-52A5-D7FD48A5C558}
		{6B6F5F9B-6BC6-475E-A584-DD4D2876F777} = {EC447DCF-ABFA-6E24-52A5-D7FD48A5C558}
		{BB5CC32B-64E1-4990-862F-F8507111ADDA} = {EC447DCF-ABFA-6E24-52A5-D7FD48A5C558}
		{3B18F412-26FA-4720-8E42-822F7E44957D} = {827E0CD3-B72D-47B6-A68D-7590B98EB39B}
		{632D64F2-D847-4FBD-B027-D8AF03A7C1B1} = {827E0CD3-B72D-47B6-A68D-7590B98EB39B}
		{E9D55F35-C373-3DD8-6914-3213F2F582A2} = {EC447DCF-ABFA-6E24-52A5-D7FD48A5C558}
		{C2B00303-5260-4DBB-8BCA-F77E66F7D47D} = {E9D55F35-C373-3DD8-6914-3213F2F582A2}
		{6B279139-0653-45FB-9C6F-B0DFE570B519} = {E9D55F35-C373-3DD8-6914-3213F2F582A2}
		{E0238779-9AB9-2E63-B7FC-02523FB2FA43} = {E9D55F35-C373-3DD8-6914-3213F2F582A2}
		{92B1EE60-A81C-1B2E-9B8E-910C99D8AB59} = {E9D55F35-C373-3DD8-6914-3213F2F582A2}
		{96FE233E-D0D0-AA4B-9FE6-ED07B7433F6A} = {E9D55F35-C373-3DD8-6914-3213F2F582A2}
		{FE744F49-2BE0-5AEF-F944-B8FE973BF400} = {E9D55F35-C373-3DD8-6914-3213F2F582A2}
		{67019F6D-F1C9-2B51-A98F-78C86A266CB9} = {D6D160DD-AE2A-0C32-F31B-9BD72717AAF2}
		{FA9E55FE-D77E-036A-127F-2F020B3A9BB5} = {D6D160DD-AE2A-0C32-F31B-9BD72717AAF2}
		{916566CC-816F-48FB-8D95-9D4D5AB7585C} = {02EA681E-C7D8-13C7-8484-4AC65E1B71E8}
		{D2D7799D-2498-FAC3-D34C-BC4D6DE88C51} = {02EA681E-C7D8-13C7-8484-4AC65E1B71E8}
		{4079C85A-D09D-D186-EAC7-1A05DE7B0FF7} = {02EA681E-C7D8-13C7-8484-4AC65E1B71E8}
		{FE2F332D-FE65-A793-B736-DE0E88A2B0B5} = {02EA681E-C7D8-13C7-8484-4AC65E1B71E8}
		{262D32E0-1BCE-8F6E-DF7C-85235B683513} = {02EA681E-C7D8-13C7-8484-4AC65E1B71E8}
		{A7B70BAE-32CD-1803-8A53-473378397CDA} = {02EA681E-C7D8-13C7-8484-4AC65E1B71E8}
		{91326033-D3CE-FB86-24F5-C4E7DF7F23CA} = {02EA681E-C7D8-13C7-8484-4AC65E1B71E8}
		{E044E877-05BF-FAB6-5571-2A36D27B2234} = {04D282B5-641A-4BB0-8F7C-3087C5D6A435}
		{4C3BFB8A-3DB1-9D6A-F839-3FE78474E788} = {04D282B5-641A-4BB0-8F7C-3087C5D6A435}
		{BEB0192E-ECCA-DD1D-D3BC-93B4A522BA04} = {04D282B5-641A-4BB0-8F7C-3087C5D6A435}
		{9B2DCD2F-A1D1-3CDE-6DD2-1915D7E8C8D6} = {04D282B5-641A-4BB0-8F7C-3087C5D6A435}
		{0BFE397D-2E80-5AC9-C407-FE98C4CF5CBC} = {04D282B5-641A-4BB0-8F7C-3087C5D6A435}
		{86CFD9F7-40B0-C8FA-BD8E-AD496E262FBB} = {04D282B5-641A-4BB0-8F7C-3087C5D6A435}
		{7C59E66D-81DB-BD70-9C50-2CB3160BA837} = {04D282B5-641A-4BB0-8F7C-3087C5D6A435}
		{A3830D77-E7D3-4403-8D02-82786EFD777E} = {BB5CC32B-64E1-4990-862F-F8507111ADDA}
		{E7AE36D4-9A3F-40B1-A5FF-FAC51BF1ECEF} = {BB5CC32B-64E1-4990-862F-F8507111ADDA}
		{BEA941E1-CCF3-415F-857A-4451564C6A0F} = {BB5CC32B-64E1-4990-862F-F8507111ADDA}
		{C5681B2A-35C0-43F9-8E44-6E3511192DEF} = {BB5CC32B-64E1-4990-862F-F8507111ADDA}
		{E055111C-2C6A-48D3-85F7-505555879513} = {BB5CC32B-64E1-4990-862F-F8507111ADDA}
		{06F36F98-19B0-9B84-8B47-1958DBF78F2A} = {D13FB6AF-322A-4D07-A19C-8A7470D8B4DB}
		{78404B4D-48EF-D452-3B34-DC5F1B105245} = {D13FB6AF-322A-4D07-A19C-8A7470D8B4DB}
		{A861F717-33CF-3848-C36D-600740F27FF9} = {D13FB6AF-322A-4D07-A19C-8A7470D8B4DB}
		{0B0A1BAE-1784-1076-3A60-EEA938365EA8} = {D13FB6AF-322A-4D07-A19C-8A7470D8B4DB}
		{D425827A-906F-4F73-95DD-269F342D62AD} = {6B6F5F9B-6BC6-475E-A584-DD4D2876F777}
		{597B0E37-D4F0-4DA0-B4EA-0F0B3A7AC5F0} = {6B6F5F9B-6BC6-475E-A584-DD4D2876F777}
		{288F0778-DC46-43D8-830D-F524C27E9E5F} = {6B6F5F9B-6BC6-475E-A584-DD4D2876F777}
		{2D0810B7-52DB-4DC5-845F-85CC59A940B3} = {6B6F5F9B-6BC6-475E-A584-DD4D2876F777}
		{90B0FA93-2F05-48F5-AEB0-56E7D28472DE} = {6B6F5F9B-6BC6-475E-A584-DD4D2876F777}
		{187ACB4A-C47E-475E-8113-EB9E13483211} = {6B6F5F9B-6BC6-475E-A584-DD4D2876F777}
		{C8CDC32E-7F12-4B60-97FD-88A0C3EF8FC5} = {6B6F5F9B-6BC6-475E-A584-DD4D2876F777}
		{2580601C-084B-5F6C-86E8-03057B60BAFA} = {47E90D74-21F7-4CD2-BE8A-404695B17FB3}
		{24F13AF0-4CFE-953B-C957-1F958B6CB129} = {47E90D74-21F7-4CD2-BE8A-404695B17FB3}
		{AEB59FB8-5AAE-F6F2-E04B-0C8BAB3C3EB9} = {47E90D74-21F7-4CD2-BE8A-404695B17FB3}
		{8BD04B03-4BA2-AC96-F3E4-9824932D8A78} = {47E90D74-21F7-4CD2-BE8A-404695B17FB3}
		{FF775772-6629-20D2-9CAD-70A393729C94} = {2012F1F7-3226-45B1-BFDB-36C0B8D0BCDF}
		{4B5768B0-F6DE-EEAE-086C-815FBD704E76} = {47E90D74-21F7-4CD2-BE8A-404695B17FB3}
		{59622D02-747D-435C-B9C9-09EC10767157} = {BD767CDB-FC61-44B4-B407-8622849D486C}
		{C608414D-D85F-4293-9FB6-FCE4C2642A9F} = {BD767CDB-FC61-44B4-B407-8622849D486C}
		{331F3A56-7D6C-4AE5-99E5-603BA41BCD14} = {BD767CDB-FC61-44B4-B407-8622849D486C}
		{66BC0E25-A3AE-4E25-A067-600AC1818CE9} = {BD767CDB-FC61-44B4-B407-8622849D486C}
		{5A931FCB-F513-1893-AB4A-7A1E2FE5801B} = {827E0CD3-B72D-47B6-A68D-7590B98EB39B}
		{4B3903D6-AFDA-4C50-8216-DF7343C88C3E} = {89111AF3-0F46-53F0-C72F-97E39D957F1A}
		{30B1C803-8A2F-4F1C-8A21-51915F53CA19} = {89111AF3-0F46-53F0-C72F-97E39D957F1A}
		{89C8CAAC-35B8-491E-9C07-266DF5DBD3A3} = {89111AF3-0F46-53F0-C72F-97E39D957F1A}
		{F39CE562-ED7B-4974-B8B8-C7B40AD62E93} = {89111AF3-0F46-53F0-C72F-97E39D957F1A}
		{1A81342A-5F5B-43D9-97B5-B07DABC61958} = {1C087695-14B5-C927-8D92-12D1EE36BDAB}
		{1CCD917C-4124-4789-9894-25E901809A4D} = {1C087695-14B5-C927-8D92-12D1EE36BDAB}
		{23CA3F2C-A507-4A58-BA53-D5BF0665AC9F} = {1C087695-14B5-C927-8D92-12D1EE36BDAB}
		{53C305DE-29F5-4E17-BE2B-2252B5C0DE85} = {1C087695-14B5-C927-8D92-12D1EE36BDAB}
		{63C5DE3E-2517-4376-B124-4EE93088C5DC} = {E053B96E-7BD3-5D0B-7FDF-0D22A41B1F3D}
		{F1881E1C-2535-4BA4-AD75-25A14EC9C89D} = {E053B96E-7BD3-5D0B-7FDF-0D22A41B1F3D}
		{9F2ED281-A41B-4D13-986F-F683CB0A016C} = {E053B96E-7BD3-5D0B-7FDF-0D22A41B1F3D}
		{36FA6857-AF37-4E25-8632-2BECDF62B173} = {E053B96E-7BD3-5D0B-7FDF-0D22A41B1F3D}
		{5D40F88B-A607-47C2-A4FB-3E5588763511} = {8CF32D3C-1716-5217-2822-91536CD68D9E}
		{D2F84906-C736-4E93-96CE-6D4DFF2AF8A3} = {8CF32D3C-1716-5217-2822-91536CD68D9E}
		{DACBD9E1-60BD-4996-BCE2-BCA8979AFABB} = {8CF32D3C-1716-5217-2822-91536CD68D9E}
		{9A395FF7-7812-491A-A10B-8AC43BB664B2} = {8CF32D3C-1716-5217-2822-91536CD68D9E}
	EndGlobalSection
	GlobalSection(ExtensibilityGlobals) = postSolution
		SolutionGuid = {3E90B7C5-C7E5-4261-9ADE-3E081AD8611F}
	EndGlobalSection
EndGlobal
